<?xml version="1.0" encoding="utf-8"?>
<Project ToolsVersion="4.0" xmlns="http://schemas.microsoft.com/developer/msbuild/2003">
  <ItemGroup>
    <Filter Include="Source Files">
      <UniqueIdentifier>{7ab36357-12a9-4a4c-b1fd-69e1bae5abdf}</UniqueIdentifier>
      <Extensions>cpp;c;cxx;rc;def;r;odl;hpj;bat;for;f90</Extensions>
    </Filter>
    <Filter Include="Header Files">
      <UniqueIdentifier>{e5c46c14-b73a-4145-af77-fc04ad7d129b}</UniqueIdentifier>
      <Extensions>h;hpp;hxx;hm;inl;fi;fd</Extensions>
    </Filter>
    <Filter Include="Resource Files">
      <UniqueIdentifier>{125a0952-0a87-4360-8f16-9f6022f1c334}</UniqueIdentifier>
      <Extensions>ico;cur;bmp;dlg;rc2;rct;bin;cnt;rtf;gif;jpg;jpeg;jpe</Extensions>
    </Filter>
  </ItemGroup>
  <ItemGroup>
    <ClCompile Include="utils\Arrays.cpp">
      <Filter>Source Files</Filter>
    </ClCompile>
    <ClCompile Include="camera.cpp">
      <Filter>Source Files</Filter>
    </ClCompile>
    <ClCompile Include="dummyobj.cpp">
      <Filter>Source Files</Filter>
    </ClCompile>
    <ClCompile Include="ge3d_ogl.cpp">
      <Filter>Source Files</Filter>
    </ClCompile>
    <ClCompile Include="utils\gentreap.cpp">
      <Filter>Source Files</Filter>
    </ClCompile>
    <ClCompile Include="geomobj.cpp">
      <Filter>Source Files</Filter>
    </ClCompile>
    <ClCompile Include="pcutil\hgdummy.cpp">
      <Filter>Source Files</Filter>
    </ClCompile>
    <ClCompile Include="apps\Hglinks.cpp">
      <Filter>Source Files</Filter>
    </ClCompile>
    <ClCompile Include="widgets\hlsutil.cpp">
      <Filter>Source Files</Filter>
    </ClCompile>
    <ClCompile Include="light.cpp">
      <Filter>Source Files</Filter>
    </ClCompile>
    <ClCompile Include="utils\List.cpp">
      <Filter>Source Files</Filter>
    </ClCompile>
    <ClCompile Include="MainFrm.cpp">
      <Filter>Source Files</Filter>
    </ClCompile>
    <ClCompile Include="material.cpp">
      <Filter>Source Files</Filter>
    </ClCompile>
    <ClCompile Include="MDIScene.cpp">
      <Filter>Source Files</Filter>
    </ClCompile>
    <ClCompile Include="hyperg\message.cpp">
      <Filter>Source Files</Filter>
    </ClCompile>
    <ClCompile Include="pcutil\Mfcutil.cpp">
      <Filter>Source Files</Filter>
    </ClCompile>
    <ClCompile Include="hyperg\objconst.cpp">
      <Filter>Source Files</Filter>
    </ClCompile>
    <ClCompile Include="hyperg\object.cpp">
      <Filter>Source Files</Filter>
    </ClCompile>
    <ClCompile Include="object3d.cpp">
      <Filter>Source Files</Filter>
    </ClCompile>
    <ClCompile Include="database\objectid.cpp">
      <Filter>Source Files</Filter>
    </ClCompile>
    <ClCompile Include="opengl.cpp">
      <Filter>Source Files</Filter>
    </ClCompile>
    <ClCompile Include="pcutil\pcstuff.cpp">
      <Filter>Source Files</Filter>
    </ClCompile>
    <ClCompile Include="polyhed.cpp">
      <Filter>Source Files</Filter>
    </ClCompile>
    <ClCompile Include="readscene.cpp">
      <Filter>Source Files</Filter>
    </ClCompile>
    <ClCompile Include="scene.cpp">
      <Filter>Source Files</Filter>
    </ClCompile>
    <ClCompile Include="scene3d.cpp">
      <Filter>Source Files</Filter>
    </ClCompile>
    <ClCompile Include="sceneDoc.cpp">
      <Filter>Source Files</Filter>
    </ClCompile>
    <ClCompile Include="scenemen.cpp">
      <Filter>Source Files</Filter>
    </ClCompile>
    <ClCompile Include="scenepick.cpp">
      <Filter>Source Files</Filter>
    </ClCompile>
    <ClCompile Include="scenevw.cpp">
      <Filter>Source Files</Filter>
    </ClCompile>
    <ClCompile Include="sdfcam.cpp">
      <Filter>Source Files</Filter>
    </ClCompile>
    <ClCompile Include="SDFSCENE.CPP">
      <Filter>Source Files</Filter>
    </ClCompile>
    <ClCompile Include="slist.cpp">
      <Filter>Source Files</Filter>
    </ClCompile>
    <ClCompile Include="srcanch.cpp">
      <Filter>Source Files</Filter>
    </ClCompile>
    <ClCompile Include="stdafx.cpp">
      <Filter>Source Files</Filter>
    </ClCompile>
    <ClCompile Include="utils\Str.cpp">
      <Filter>Source Files</Filter>
    </ClCompile>
    <ClCompile Include="strarray.cpp">
      <Filter>Source Files</Filter>
    </ClCompile>
    <ClCompile Include="apps\treaps.cpp">
      <Filter>Source Files</Filter>
    </ClCompile>
    <ClCompile Include="pcutil\unzip.cpp">
      <Filter>Source Files</Filter>
    </ClCompile>
    <ClCompile Include="vecutil.cpp">
      <Filter>Source Files</Filter>
    </ClCompile>
    <ClCompile Include="vrmlscene.cpp">
      <Filter>Source Files</Filter>
    </ClCompile>
    <ClCompile Include="writescene.cpp">
      <Filter>Source Files</Filter>
    </ClCompile>
    <ClCompile Include="writevrml.cpp">
      <Filter>Source Files</Filter>
    </ClCompile>
    <ClCompile Include="wrlbuild.cpp">
      <Filter>Source Files</Filter>
    </ClCompile>
    <ClCompile Include="wrldraw.cpp">
      <Filter>Source Files</Filter>
    </ClCompile>
    <ClCompile Include="wrlpick.cpp">
      <Filter>Source Files</Filter>
    </ClCompile>
    <ClCompile Include="wrlsave.cpp">
      <Filter>Source Files</Filter>
    </ClCompile>
    <ClCompile Include="wrltraverse.cpp">
      <Filter>Source Files</Filter>
    </ClCompile>
    <ClCompile Include="wscene.cpp">
      <Filter>Source Files</Filter>
    </ClCompile>
    <ClCompile Include="StatLink.cpp">
      <Filter>Source Files</Filter>
    </ClCompile>
    <ClCompile Include="ARB_Multisample.cpp">
      <Filter>Source Files</Filter>
    </ClCompile>
  </ItemGroup>
  <ItemGroup>
    <ResourceCompile Include="scene.rc">
      <Filter>Source Files</Filter>
    </ResourceCompile>
  </ItemGroup>
  <ItemGroup>
    <ClInclude Include="utils\arrays.h">
      <Filter>Header Files</Filter>
    </ClInclude>
    <ClInclude Include="camera.h">
      <Filter>Header Files</Filter>
    </ClInclude>
    <ClInclude Include="dummyobj.h">
      <Filter>Header Files</Filter>
    </ClInclude>
    <ClInclude Include="generic.h">
      <Filter>Header Files</Filter>
    </ClInclude>
    <ClInclude Include="utils\gentreap.h">
      <Filter>Header Files</Filter>
    </ClInclude>
    <ClInclude Include="geomobj.h">
      <Filter>Header Files</Filter>
    </ClInclude>
    <ClInclude Include="hgapp.h">
      <Filter>Header Files</Filter>
    </ClInclude>
    <ClInclude Include="pcutil\Hgdummy.h">
      <Filter>Header Files</Filter>
    </ClInclude>
    <ClInclude Include="apps\hglinks.h">
      <Filter>Header Files</Filter>
    </ClInclude>
    <ClInclude Include="Hiertypes.h">
      <Filter>Header Files</Filter>
    </ClInclude>
    <ClInclude Include="widgets\hlsutil.h">
      <Filter>Header Files</Filter>
    </ClInclude>
    <ClInclude Include="light.h">
      <Filter>Header Files</Filter>
    </ClInclude>
    <ClInclude Include="utils\list.h">
      <Filter>Header Files</Filter>
    </ClInclude>
    <ClInclude Include="mainfrm.h">
      <Filter>Header Files</Filter>
    </ClInclude>
    <ClInclude Include="material.h">
      <Filter>Header Files</Filter>
    </ClInclude>
    <ClInclude Include="MDIScene.h">
      <Filter>Header Files</Filter>
    </ClInclude>
    <ClInclude Include="memleak.h">
      <Filter>Header Files</Filter>
    </ClInclude>
    <ClInclude Include="hyperg\message.h">
      <Filter>Header Files</Filter>
    </ClInclude>
    <ClInclude Include="pcutil\mfcutil.h">
      <Filter>Header Files</Filter>
    </ClInclude>
    <ClInclude Include="hyperg\objconst.h">
      <Filter>Header Files</Filter>
    </ClInclude>
    <ClInclude Include="hyperg\object.h">
      <Filter>Header Files</Filter>
    </ClInclude>
    <ClInclude Include="object3d.h">
      <Filter>Header Files</Filter>
    </ClInclude>
    <ClInclude Include="database\objectid.h">
      <Filter>Header Files</Filter>
    </ClInclude>
    <ClInclude Include="pcutil\pcstuff.h">
      <Filter>Header Files</Filter>
    </ClInclude>
    <ClInclude Include="polyhed.h">
      <Filter>Header Files</Filter>
    </ClInclude>
    <ClInclude Include="scene3d.h">
      <Filter>Header Files</Filter>
    </ClInclude>
    <ClInclude Include="scenedata.h">
      <Filter>Header Files</Filter>
    </ClInclude>
    <ClInclude Include="scenedoc.h">
      <Filter>Header Files</Filter>
    </ClInclude>
    <ClInclude Include="scenevw.h">
      <Filter>Header Files</Filter>
    </ClInclude>
    <ClInclude Include="scviewer.h">
      <Filter>Header Files</Filter>
    </ClInclude>
    <ClInclude Include="sdfcam.h">
      <Filter>Header Files</Filter>
    </ClInclude>
    <ClInclude Include="sdfscene.h">
      <Filter>Header Files</Filter>
    </ClInclude>
    <ClInclude Include="slist.h">
      <Filter>Header Files</Filter>
    </ClInclude>
    <ClInclude Include="srcanch.h">
      <Filter>Header Files</Filter>
    </ClInclude>
    <ClInclude Include="stdafx.h">
      <Filter>Header Files</Filter>
    </ClInclude>
    <ClInclude Include="utils\str.h">
      <Filter>Header Files</Filter>
    </ClInclude>
    <ClInclude Include="strarray.h">
      <Filter>Header Files</Filter>
    </ClInclude>
    <ClInclude Include="apps\treaps.h">
      <Filter>Header Files</Filter>
    </ClInclude>
    <ClInclude Include="pcutil\unzip.h">
      <Filter>Header Files</Filter>
    </ClInclude>
    <ClInclude Include="vecutil.h">
      <Filter>Header Files</Filter>
    </ClInclude>
    <ClInclude Include="vrmlscene.h">
      <Filter>Header Files</Filter>
    </ClInclude>
    <ClInclude Include="wscene.h">
      <Filter>Header Files</Filter>
    </ClInclude>
    <ClInclude Include="StatLink.h">
      <Filter>Header Files</Filter>
    </ClInclude>
    <ClInclude Include="resource.h">
      <Filter>Header Files</Filter>
    </ClInclude>
    <ClInclude Include="ARB_Multisample.h">
      <Filter>Header Files</Filter>
    </ClInclude>
  </ItemGroup>
  <ItemGroup>
    <Image Include="res\scene.ico">
      <Filter>Resource Files</Filter>
    </Image>
    <Image Include="res\sceneDoc.ico">
      <Filter>Resource Files</Filter>
    </Image>
    <Image Include="res\Toolbar.bmp">
      <Filter>Resource Files</Filter>
    </Image>
    <Image Include="res\walls.ico">
      <Filter>Resource Files</Filter>
    </Image>
  </ItemGroup>
  <ItemGroup>
    <None Include="res\scene.rc2">
      <Filter>Resource Files</Filter>
    </None>
  </ItemGroup>
</Project>