
Microsoft Visual Studio Solution File, Format Version 10.00
# Visual Studio 2008
Project("{8BC9CEB8-8B4A-11D0-8D11-00A0C91BC942}") = "css2srv", "css2srv.vcproj", "{37058922-E6FD-4B62-AC29-BC6E1EE2C59A}"
EndProject
Global
	GlobalSection(SolutionConfigurationPlatforms) = preSolution
		Debug|Win32 = Debug|Win32
		Release|Win32 = Release|Win32
	EndGlobalSection
	GlobalSection(ProjectConfigurationPlatforms) = postSolution
		{37058922-E6FD-4B62-AC29-BC6E1EE2C59A}.Debug|Win32.ActiveCfg = Debug|Win32
		{37058922-E6FD-4B62-AC29-BC6E1EE2C59A}.Debug|Win32.Build.0 = Debug|Win32
		{37058922-E6FD-4B62-AC29-BC6E1EE2C59A}.Release|Win32.ActiveCfg = Release|Win32
		{37058922-E6FD-4B62-AC29-BC6E1EE2C59A}.Release|Win32.Build.0 = Release|Win32
	EndGlobalSection
	GlobalSection(SolutionProperties) = preSolution
		HideSolutionNode = FALSE
	EndGlobalSection
EndGlobal
