
Microsoft Visual Studio Solution File, Format Version 10.00
# Visual Studio 2008
Project("{8BC9CEB8-8B4A-11D0-8D11-00A0C91BC942}") = "cairo-1.8.8", "Cairo.vcproj", "{485FF032-7990-4174-BD1E-F2CE35C2FDB0}"
EndProject
Project("{8BC9CEB8-8B4A-11D0-8D11-00A0C91BC942}") = "pixman-0.16.0", "..\pixman\pixman.vcproj", "{E2A83B35-9167-405C-B9A8-BAD041A23DE2}"
EndProject
Project("{8BC9CEB8-8B4A-11D0-8D11-00A0C91BC942}") = "lpng1240", "..\libpng\libpng.vcproj", "{630F1FEB-39C9-4784-B987-8F00DBCA6EC3}"
EndProject
Project("{8BC9CEB8-8B4A-11D0-8D11-00A0C91BC942}") = "glib-2.20.5", "..\..\libraries\glib-2.20.5\glib-2.20.5.vcproj", "{92F993DD-9144-46AF-9250-AA1E3B93512A}"
EndProject
Project("{8BC9CEB8-8B4A-11D0-8D11-00A0C91BC942}") = "librsvg-2.26.0", "..\librsvg\librsvg.vcproj", "{7A05CF67-D25C-4156-A5E0-97E94561CB79}"
EndProject
Project("{8BC9CEB8-8B4A-11D0-8D11-00A0C91BC942}") = "libxml2-2.7.3", "..\..\libraries\libxml2-2.7.3\libxml2-2.7.3.vcproj", "{1AC74265-43E9-4267-996C-D4759EDD7292}"
EndProject
Project("{8BC9CEB8-8B4A-11D0-8D11-00A0C91BC942}") = "cairomm-1.0", "..\..\libraries\cairomm-1.8.2\MSVC_Net2008\cairomm\cairomm.vcproj", "{58B2B53C-C4FF-47FD-817B-095E45B7F7D4}"
EndProject
Project("{8BC9CEB8-8B4A-11D0-8D11-00A0C91BC942}") = "libsigc++", "..\..\libraries\libsigc++-2.2.4\MSVC_Net2008\libsigc++2.vcproj", "{83997EF6-02D6-4CDB-8B3C-DBCA3018CC72}"
EndProject
Project("{8BC9CEB8-8B4A-11D0-8D11-00A0C91BC942}") = "Cairo_kapow", "..\Cairo_kapow\Cairo_kapow.vcproj", "{4AD046BF-6F3E-4C17-9367-672D24EAD712}"
EndProject
Project("{8BC9CEB8-8B4A-11D0-8D11-00A0C91BC942}") = "Cairo_test", "..\Cairo_test\Cairo_test.vcproj", "{54F042E7-56C6-47FD-A44D-A8AD6A5B4118}"
EndProject
Project("{8BC9CEB8-8B4A-11D0-8D11-00A0C91BC942}") = "librsvg_test", "..\librsvg_test\librsvg_test.vcproj", "{0FF7F403-C9CF-4FE2-B8C7-1834378D7365}"
EndProject
Project("{8BC9CEB8-8B4A-11D0-8D11-00A0C91BC942}") = "gdk-pixbuf", "..\..\libraries\gtk+-2.16.6\gdk-pixbuf\gdk-pixbuf.vcproj", "{D0F3041C-C180-44DD-BC44-60B0F3732977}"
EndProject
Global
	GlobalSection(SolutionConfigurationPlatforms) = preSolution
		Debug|Win32 = Debug|Win32
		DLL ASM Debug|Win32 = DLL ASM Debug|Win32
		DLL ASM Release|Win32 = DLL ASM Release|Win32
		DLL Debug|Win32 = DLL Debug|Win32
		DLL Release|Win32 = DLL Release|Win32
		DLL VB|Win32 = DLL VB|Win32
		LIB ASM Debug|Win32 = LIB ASM Debug|Win32
		LIB ASM Release|Win32 = LIB ASM Release|Win32
		LIB Debug|Win32 = LIB Debug|Win32
		LIB Release|Win32 = LIB Release|Win32
		Release|Win32 = Release|Win32
		ReleaseAxp|Win32 = ReleaseAxp|Win32
		ReleaseWithoutAsm|Win32 = ReleaseWithoutAsm|Win32
	EndGlobalSection
	GlobalSection(ProjectConfigurationPlatforms) = postSolution
		{485FF032-7990-4174-BD1E-F2CE35C2FDB0}.Debug|Win32.ActiveCfg = Debug|Win32
		{485FF032-7990-4174-BD1E-F2CE35C2FDB0}.Debug|Win32.Build.0 = Debug|Win32
		{485FF032-7990-4174-BD1E-F2CE35C2FDB0}.DLL ASM Debug|Win32.ActiveCfg = Debug|Win32
		{485FF032-7990-4174-BD1E-F2CE35C2FDB0}.DLL ASM Debug|Win32.Build.0 = Debug|Win32
		{485FF032-7990-4174-BD1E-F2CE35C2FDB0}.DLL ASM Release|Win32.ActiveCfg = Release|Win32
		{485FF032-7990-4174-BD1E-F2CE35C2FDB0}.DLL ASM Release|Win32.Build.0 = Release|Win32
		{485FF032-7990-4174-BD1E-F2CE35C2FDB0}.DLL Debug|Win32.ActiveCfg = Debug|Win32
		{485FF032-7990-4174-BD1E-F2CE35C2FDB0}.DLL Debug|Win32.Build.0 = Debug|Win32
		{485FF032-7990-4174-BD1E-F2CE35C2FDB0}.DLL Release|Win32.ActiveCfg = Release|Win32
		{485FF032-7990-4174-BD1E-F2CE35C2FDB0}.DLL Release|Win32.Build.0 = Release|Win32
		{485FF032-7990-4174-BD1E-F2CE35C2FDB0}.DLL VB|Win32.ActiveCfg = Debug|Win32
		{485FF032-7990-4174-BD1E-F2CE35C2FDB0}.DLL VB|Win32.Build.0 = Debug|Win32
		{485FF032-7990-4174-BD1E-F2CE35C2FDB0}.LIB ASM Debug|Win32.ActiveCfg = Debug|Win32
		{485FF032-7990-4174-BD1E-F2CE35C2FDB0}.LIB ASM Debug|Win32.Build.0 = Debug|Win32
		{485FF032-7990-4174-BD1E-F2CE35C2FDB0}.LIB ASM Release|Win32.ActiveCfg = Release|Win32
		{485FF032-7990-4174-BD1E-F2CE35C2FDB0}.LIB ASM Release|Win32.Build.0 = Release|Win32
		{485FF032-7990-4174-BD1E-F2CE35C2FDB0}.LIB Debug|Win32.ActiveCfg = Debug|Win32
		{485FF032-7990-4174-BD1E-F2CE35C2FDB0}.LIB Debug|Win32.Build.0 = Debug|Win32
		{485FF032-7990-4174-BD1E-F2CE35C2FDB0}.LIB Release|Win32.ActiveCfg = Release|Win32
		{485FF032-7990-4174-BD1E-F2CE35C2FDB0}.LIB Release|Win32.Build.0 = Release|Win32
		{485FF032-7990-4174-BD1E-F2CE35C2FDB0}.Release|Win32.ActiveCfg = Release|Win32
		{485FF032-7990-4174-BD1E-F2CE35C2FDB0}.Release|Win32.Build.0 = Release|Win32
		{485FF032-7990-4174-BD1E-F2CE35C2FDB0}.ReleaseAxp|Win32.ActiveCfg = Release|Win32
		{485FF032-7990-4174-BD1E-F2CE35C2FDB0}.ReleaseAxp|Win32.Build.0 = Release|Win32
		{485FF032-7990-4174-BD1E-F2CE35C2FDB0}.ReleaseWithoutAsm|Win32.ActiveCfg = Release|Win32
		{485FF032-7990-4174-BD1E-F2CE35C2FDB0}.ReleaseWithoutAsm|Win32.Build.0 = Release|Win32
		{E2A83B35-9167-405C-B9A8-BAD041A23DE2}.Debug|Win32.ActiveCfg = Debug|Win32
		{E2A83B35-9167-405C-B9A8-BAD041A23DE2}.Debug|Win32.Build.0 = Debug|Win32
		{E2A83B35-9167-405C-B9A8-BAD041A23DE2}.DLL ASM Debug|Win32.ActiveCfg = Debug|Win32
		{E2A83B35-9167-405C-B9A8-BAD041A23DE2}.DLL ASM Debug|Win32.Build.0 = Debug|Win32
		{E2A83B35-9167-405C-B9A8-BAD041A23DE2}.DLL ASM Release|Win32.ActiveCfg = Release|Win32
		{E2A83B35-9167-405C-B9A8-BAD041A23DE2}.DLL ASM Release|Win32.Build.0 = Release|Win32
		{E2A83B35-9167-405C-B9A8-BAD041A23DE2}.DLL Debug|Win32.ActiveCfg = Debug|Win32
		{E2A83B35-9167-405C-B9A8-BAD041A23DE2}.DLL Debug|Win32.Build.0 = Debug|Win32
		{E2A83B35-9167-405C-B9A8-BAD041A23DE2}.DLL Release|Win32.ActiveCfg = Release|Win32
		{E2A83B35-9167-405C-B9A8-BAD041A23DE2}.DLL Release|Win32.Build.0 = Release|Win32
		{E2A83B35-9167-405C-B9A8-BAD041A23DE2}.DLL VB|Win32.ActiveCfg = Debug|Win32
		{E2A83B35-9167-405C-B9A8-BAD041A23DE2}.DLL VB|Win32.Build.0 = Debug|Win32
		{E2A83B35-9167-405C-B9A8-BAD041A23DE2}.LIB ASM Debug|Win32.ActiveCfg = Debug|Win32
		{E2A83B35-9167-405C-B9A8-BAD041A23DE2}.LIB ASM Debug|Win32.Build.0 = Debug|Win32
		{E2A83B35-9167-405C-B9A8-BAD041A23DE2}.LIB ASM Release|Win32.ActiveCfg = Release|Win32
		{E2A83B35-9167-405C-B9A8-BAD041A23DE2}.LIB ASM Release|Win32.Build.0 = Release|Win32
		{E2A83B35-9167-405C-B9A8-BAD041A23DE2}.LIB Debug|Win32.ActiveCfg = Debug|Win32
		{E2A83B35-9167-405C-B9A8-BAD041A23DE2}.LIB Debug|Win32.Build.0 = Debug|Win32
		{E2A83B35-9167-405C-B9A8-BAD041A23DE2}.LIB Release|Win32.ActiveCfg = Release|Win32
		{E2A83B35-9167-405C-B9A8-BAD041A23DE2}.LIB Release|Win32.Build.0 = Release|Win32
		{E2A83B35-9167-405C-B9A8-BAD041A23DE2}.Release|Win32.ActiveCfg = Release|Win32
		{E2A83B35-9167-405C-B9A8-BAD041A23DE2}.Release|Win32.Build.0 = Release|Win32
		{E2A83B35-9167-405C-B9A8-BAD041A23DE2}.ReleaseAxp|Win32.ActiveCfg = Release|Win32
		{E2A83B35-9167-405C-B9A8-BAD041A23DE2}.ReleaseAxp|Win32.Build.0 = Release|Win32
		{E2A83B35-9167-405C-B9A8-BAD041A23DE2}.ReleaseWithoutAsm|Win32.ActiveCfg = Release|Win32
		{E2A83B35-9167-405C-B9A8-BAD041A23DE2}.ReleaseWithoutAsm|Win32.Build.0 = Release|Win32
		{630F1FEB-39C9-4784-B987-8F00DBCA6EC3}.Debug|Win32.ActiveCfg = Debug|Win32
		{630F1FEB-39C9-4784-B987-8F00DBCA6EC3}.Debug|Win32.Build.0 = Debug|Win32
		{630F1FEB-39C9-4784-B987-8F00DBCA6EC3}.DLL ASM Debug|Win32.ActiveCfg = Debug|Win32
		{630F1FEB-39C9-4784-B987-8F00DBCA6EC3}.DLL ASM Debug|Win32.Build.0 = Debug|Win32
		{630F1FEB-39C9-4784-B987-8F00DBCA6EC3}.DLL ASM Release|Win32.ActiveCfg = Release|Win32
		{630F1FEB-39C9-4784-B987-8F00DBCA6EC3}.DLL ASM Release|Win32.Build.0 = Release|Win32
		{630F1FEB-39C9-4784-B987-8F00DBCA6EC3}.DLL Debug|Win32.ActiveCfg = Debug|Win32
		{630F1FEB-39C9-4784-B987-8F00DBCA6EC3}.DLL Debug|Win32.Build.0 = Debug|Win32
		{630F1FEB-39C9-4784-B987-8F00DBCA6EC3}.DLL Release|Win32.ActiveCfg = Release|Win32
		{630F1FEB-39C9-4784-B987-8F00DBCA6EC3}.DLL Release|Win32.Build.0 = Release|Win32
		{630F1FEB-39C9-4784-B987-8F00DBCA6EC3}.DLL VB|Win32.ActiveCfg = Debug|Win32
		{630F1FEB-39C9-4784-B987-8F00DBCA6EC3}.DLL VB|Win32.Build.0 = Debug|Win32
		{630F1FEB-39C9-4784-B987-8F00DBCA6EC3}.LIB ASM Debug|Win32.ActiveCfg = Debug|Win32
		{630F1FEB-39C9-4784-B987-8F00DBCA6EC3}.LIB ASM Debug|Win32.Build.0 = Debug|Win32
		{630F1FEB-39C9-4784-B987-8F00DBCA6EC3}.LIB ASM Release|Win32.ActiveCfg = Release|Win32
		{630F1FEB-39C9-4784-B987-8F00DBCA6EC3}.LIB ASM Release|Win32.Build.0 = Release|Win32
		{630F1FEB-39C9-4784-B987-8F00DBCA6EC3}.LIB Debug|Win32.ActiveCfg = Debug|Win32
		{630F1FEB-39C9-4784-B987-8F00DBCA6EC3}.LIB Debug|Win32.Build.0 = Debug|Win32
		{630F1FEB-39C9-4784-B987-8F00DBCA6EC3}.LIB Release|Win32.ActiveCfg = Release|Win32
		{630F1FEB-39C9-4784-B987-8F00DBCA6EC3}.LIB Release|Win32.Build.0 = Release|Win32
		{630F1FEB-39C9-4784-B987-8F00DBCA6EC3}.Release|Win32.ActiveCfg = Release|Win32
		{630F1FEB-39C9-4784-B987-8F00DBCA6EC3}.Release|Win32.Build.0 = Release|Win32
		{630F1FEB-39C9-4784-B987-8F00DBCA6EC3}.ReleaseAxp|Win32.ActiveCfg = Release|Win32
		{630F1FEB-39C9-4784-B987-8F00DBCA6EC3}.ReleaseAxp|Win32.Build.0 = Release|Win32
		{630F1FEB-39C9-4784-B987-8F00DBCA6EC3}.ReleaseWithoutAsm|Win32.ActiveCfg = Release|Win32
		{630F1FEB-39C9-4784-B987-8F00DBCA6EC3}.ReleaseWithoutAsm|Win32.Build.0 = Release|Win32
		{92F993DD-9144-46AF-9250-AA1E3B93512A}.Debug|Win32.ActiveCfg = Debug|Win32
		{92F993DD-9144-46AF-9250-AA1E3B93512A}.Debug|Win32.Build.0 = Debug|Win32
		{92F993DD-9144-46AF-9250-AA1E3B93512A}.DLL ASM Debug|Win32.ActiveCfg = Debug|Win32
		{92F993DD-9144-46AF-9250-AA1E3B93512A}.DLL ASM Debug|Win32.Build.0 = Debug|Win32
		{92F993DD-9144-46AF-9250-AA1E3B93512A}.DLL ASM Release|Win32.ActiveCfg = Release|Win32
		{92F993DD-9144-46AF-9250-AA1E3B93512A}.DLL ASM Release|Win32.Build.0 = Release|Win32
		{92F993DD-9144-46AF-9250-AA1E3B93512A}.DLL Debug|Win32.ActiveCfg = Debug|Win32
		{92F993DD-9144-46AF-9250-AA1E3B93512A}.DLL Debug|Win32.Build.0 = Debug|Win32
		{92F993DD-9144-46AF-9250-AA1E3B93512A}.DLL Release|Win32.ActiveCfg = Release|Win32
		{92F993DD-9144-46AF-9250-AA1E3B93512A}.DLL Release|Win32.Build.0 = Release|Win32
		{92F993DD-9144-46AF-9250-AA1E3B93512A}.DLL VB|Win32.ActiveCfg = Debug|Win32
		{92F993DD-9144-46AF-9250-AA1E3B93512A}.DLL VB|Win32.Build.0 = Debug|Win32
		{92F993DD-9144-46AF-9250-AA1E3B93512A}.LIB ASM Debug|Win32.ActiveCfg = Debug|Win32
		{92F993DD-9144-46AF-9250-AA1E3B93512A}.LIB ASM Debug|Win32.Build.0 = Debug|Win32
		{92F993DD-9144-46AF-9250-AA1E3B93512A}.LIB ASM Release|Win32.ActiveCfg = Release|Win32
		{92F993DD-9144-46AF-9250-AA1E3B93512A}.LIB ASM Release|Win32.Build.0 = Release|Win32
		{92F993DD-9144-46AF-9250-AA1E3B93512A}.LIB Debug|Win32.ActiveCfg = Debug|Win32
		{92F993DD-9144-46AF-9250-AA1E3B93512A}.LIB Debug|Win32.Build.0 = Debug|Win32
		{92F993DD-9144-46AF-9250-AA1E3B93512A}.LIB Release|Win32.ActiveCfg = Release|Win32
		{92F993DD-9144-46AF-9250-AA1E3B93512A}.LIB Release|Win32.Build.0 = Release|Win32
		{92F993DD-9144-46AF-9250-AA1E3B93512A}.Release|Win32.ActiveCfg = Release|Win32
		{92F993DD-9144-46AF-9250-AA1E3B93512A}.Release|Win32.Build.0 = Release|Win32
		{92F993DD-9144-46AF-9250-AA1E3B93512A}.ReleaseAxp|Win32.ActiveCfg = Release|Win32
		{92F993DD-9144-46AF-9250-AA1E3B93512A}.ReleaseAxp|Win32.Build.0 = Release|Win32
		{92F993DD-9144-46AF-9250-AA1E3B93512A}.ReleaseWithoutAsm|Win32.ActiveCfg = Release|Win32
		{92F993DD-9144-46AF-9250-AA1E3B93512A}.ReleaseWithoutAsm|Win32.Build.0 = Release|Win32
		{7A05CF67-D25C-4156-A5E0-97E94561CB79}.Debug|Win32.ActiveCfg = Debug|Win32
		{7A05CF67-D25C-4156-A5E0-97E94561CB79}.Debug|Win32.Build.0 = Debug|Win32
		{7A05CF67-D25C-4156-A5E0-97E94561CB79}.DLL ASM Debug|Win32.ActiveCfg = Debug|Win32
		{7A05CF67-D25C-4156-A5E0-97E94561CB79}.DLL ASM Debug|Win32.Build.0 = Debug|Win32
		{7A05CF67-D25C-4156-A5E0-97E94561CB79}.DLL ASM Release|Win32.ActiveCfg = Release|Win32
		{7A05CF67-D25C-4156-A5E0-97E94561CB79}.DLL ASM Release|Win32.Build.0 = Release|Win32
		{7A05CF67-D25C-4156-A5E0-97E94561CB79}.DLL Debug|Win32.ActiveCfg = Debug|Win32
		{7A05CF67-D25C-4156-A5E0-97E94561CB79}.DLL Debug|Win32.Build.0 = Debug|Win32
		{7A05CF67-D25C-4156-A5E0-97E94561CB79}.DLL Release|Win32.ActiveCfg = Release|Win32
		{7A05CF67-D25C-4156-A5E0-97E94561CB79}.DLL Release|Win32.Build.0 = Release|Win32
		{7A05CF67-D25C-4156-A5E0-97E94561CB79}.DLL VB|Win32.ActiveCfg = Debug|Win32
		{7A05CF67-D25C-4156-A5E0-97E94561CB79}.DLL VB|Win32.Build.0 = Debug|Win32
		{7A05CF67-D25C-4156-A5E0-97E94561CB79}.LIB ASM Debug|Win32.ActiveCfg = Debug|Win32
		{7A05CF67-D25C-4156-A5E0-97E94561CB79}.LIB ASM Debug|Win32.Build.0 = Debug|Win32
		{7A05CF67-D25C-4156-A5E0-97E94561CB79}.LIB ASM Release|Win32.ActiveCfg = Release|Win32
		{7A05CF67-D25C-4156-A5E0-97E94561CB79}.LIB ASM Release|Win32.Build.0 = Release|Win32
		{7A05CF67-D25C-4156-A5E0-97E94561CB79}.LIB Debug|Win32.ActiveCfg = Debug|Win32
		{7A05CF67-D25C-4156-A5E0-97E94561CB79}.LIB Debug|Win32.Build.0 = Debug|Win32
		{7A05CF67-D25C-4156-A5E0-97E94561CB79}.LIB Release|Win32.ActiveCfg = Release|Win32
		{7A05CF67-D25C-4156-A5E0-97E94561CB79}.LIB Release|Win32.Build.0 = Release|Win32
		{7A05CF67-D25C-4156-A5E0-97E94561CB79}.Release|Win32.ActiveCfg = Release|Win32
		{7A05CF67-D25C-4156-A5E0-97E94561CB79}.Release|Win32.Build.0 = Release|Win32
		{7A05CF67-D25C-4156-A5E0-97E94561CB79}.ReleaseAxp|Win32.ActiveCfg = Release|Win32
		{7A05CF67-D25C-4156-A5E0-97E94561CB79}.ReleaseAxp|Win32.Build.0 = Release|Win32
		{7A05CF67-D25C-4156-A5E0-97E94561CB79}.ReleaseWithoutAsm|Win32.ActiveCfg = Release|Win32
		{7A05CF67-D25C-4156-A5E0-97E94561CB79}.ReleaseWithoutAsm|Win32.Build.0 = Release|Win32
		{1AC74265-43E9-4267-996C-D4759EDD7292}.Debug|Win32.ActiveCfg = Debug|Win32
		{1AC74265-43E9-4267-996C-D4759EDD7292}.Debug|Win32.Build.0 = Debug|Win32
		{1AC74265-43E9-4267-996C-D4759EDD7292}.DLL ASM Debug|Win32.ActiveCfg = Debug|Win32
		{1AC74265-43E9-4267-996C-D4759EDD7292}.DLL ASM Debug|Win32.Build.0 = Debug|Win32
		{1AC74265-43E9-4267-996C-D4759EDD7292}.DLL ASM Release|Win32.ActiveCfg = Release|Win32
		{1AC74265-43E9-4267-996C-D4759EDD7292}.DLL ASM Release|Win32.Build.0 = Release|Win32
		{1AC74265-43E9-4267-996C-D4759EDD7292}.DLL Debug|Win32.ActiveCfg = Debug|Win32
		{1AC74265-43E9-4267-996C-D4759EDD7292}.DLL Debug|Win32.Build.0 = Debug|Win32
		{1AC74265-43E9-4267-996C-D4759EDD7292}.DLL Release|Win32.ActiveCfg = Release|Win32
		{1AC74265-43E9-4267-996C-D4759EDD7292}.DLL Release|Win32.Build.0 = Release|Win32
		{1AC74265-43E9-4267-996C-D4759EDD7292}.DLL VB|Win32.ActiveCfg = Debug|Win32
		{1AC74265-43E9-4267-996C-D4759EDD7292}.DLL VB|Win32.Build.0 = Debug|Win32
		{1AC74265-43E9-4267-996C-D4759EDD7292}.LIB ASM Debug|Win32.ActiveCfg = Debug|Win32
		{1AC74265-43E9-4267-996C-D4759EDD7292}.LIB ASM Debug|Win32.Build.0 = Debug|Win32
		{1AC74265-43E9-4267-996C-D4759EDD7292}.LIB ASM Release|Win32.ActiveCfg = Release|Win32
		{1AC74265-43E9-4267-996C-D4759EDD7292}.LIB ASM Release|Win32.Build.0 = Release|Win32
		{1AC74265-43E9-4267-996C-D4759EDD7292}.LIB Debug|Win32.ActiveCfg = Debug|Win32
		{1AC74265-43E9-4267-996C-D4759EDD7292}.LIB Debug|Win32.Build.0 = Debug|Win32
		{1AC74265-43E9-4267-996C-D4759EDD7292}.LIB Release|Win32.ActiveCfg = Release|Win32
		{1AC74265-43E9-4267-996C-D4759EDD7292}.LIB Release|Win32.Build.0 = Release|Win32
		{1AC74265-43E9-4267-996C-D4759EDD7292}.Release|Win32.ActiveCfg = Release|Win32
		{1AC74265-43E9-4267-996C-D4759EDD7292}.Release|Win32.Build.0 = Release|Win32
		{1AC74265-43E9-4267-996C-D4759EDD7292}.ReleaseAxp|Win32.ActiveCfg = Release|Win32
		{1AC74265-43E9-4267-996C-D4759EDD7292}.ReleaseAxp|Win32.Build.0 = Release|Win32
		{1AC74265-43E9-4267-996C-D4759EDD7292}.ReleaseWithoutAsm|Win32.ActiveCfg = Release|Win32
		{1AC74265-43E9-4267-996C-D4759EDD7292}.ReleaseWithoutAsm|Win32.Build.0 = Release|Win32
		{58B2B53C-C4FF-47FD-817B-095E45B7F7D4}.Debug|Win32.ActiveCfg = Debug|Win32
		{58B2B53C-C4FF-47FD-817B-095E45B7F7D4}.Debug|Win32.Build.0 = Debug|Win32
		{58B2B53C-C4FF-47FD-817B-095E45B7F7D4}.DLL ASM Debug|Win32.ActiveCfg = Debug|Win32
		{58B2B53C-C4FF-47FD-817B-095E45B7F7D4}.DLL ASM Debug|Win32.Build.0 = Debug|Win32
		{58B2B53C-C4FF-47FD-817B-095E45B7F7D4}.DLL ASM Release|Win32.ActiveCfg = Release|Win32
		{58B2B53C-C4FF-47FD-817B-095E45B7F7D4}.DLL ASM Release|Win32.Build.0 = Release|Win32
		{58B2B53C-C4FF-47FD-817B-095E45B7F7D4}.DLL Debug|Win32.ActiveCfg = Debug|Win32
		{58B2B53C-C4FF-47FD-817B-095E45B7F7D4}.DLL Debug|Win32.Build.0 = Debug|Win32
		{58B2B53C-C4FF-47FD-817B-095E45B7F7D4}.DLL Release|Win32.ActiveCfg = Release|Win32
		{58B2B53C-C4FF-47FD-817B-095E45B7F7D4}.DLL Release|Win32.Build.0 = Release|Win32
		{58B2B53C-C4FF-47FD-817B-095E45B7F7D4}.DLL VB|Win32.ActiveCfg = Debug|Win32
		{58B2B53C-C4FF-47FD-817B-095E45B7F7D4}.DLL VB|Win32.Build.0 = Debug|Win32
		{58B2B53C-C4FF-47FD-817B-095E45B7F7D4}.LIB ASM Debug|Win32.ActiveCfg = Debug|Win32
		{58B2B53C-C4FF-47FD-817B-095E45B7F7D4}.LIB ASM Debug|Win32.Build.0 = Debug|Win32
		{58B2B53C-C4FF-47FD-817B-095E45B7F7D4}.LIB ASM Release|Win32.ActiveCfg = Release|Win32
		{58B2B53C-C4FF-47FD-817B-095E45B7F7D4}.LIB ASM Release|Win32.Build.0 = Release|Win32
		{58B2B53C-C4FF-47FD-817B-095E45B7F7D4}.LIB Debug|Win32.ActiveCfg = Debug|Win32
		{58B2B53C-C4FF-47FD-817B-095E45B7F7D4}.LIB Debug|Win32.Build.0 = Debug|Win32
		{58B2B53C-C4FF-47FD-817B-095E45B7F7D4}.LIB Release|Win32.ActiveCfg = Release|Win32
		{58B2B53C-C4FF-47FD-817B-095E45B7F7D4}.LIB Release|Win32.Build.0 = Release|Win32
		{58B2B53C-C4FF-47FD-817B-095E45B7F7D4}.Release|Win32.ActiveCfg = Release|Win32
		{58B2B53C-C4FF-47FD-817B-095E45B7F7D4}.Release|Win32.Build.0 = Release|Win32
		{58B2B53C-C4FF-47FD-817B-095E45B7F7D4}.ReleaseAxp|Win32.ActiveCfg = Release|Win32
		{58B2B53C-C4FF-47FD-817B-095E45B7F7D4}.ReleaseAxp|Win32.Build.0 = Release|Win32
		{58B2B53C-C4FF-47FD-817B-095E45B7F7D4}.ReleaseWithoutAsm|Win32.ActiveCfg = Release|Win32
		{58B2B53C-C4FF-47FD-817B-095E45B7F7D4}.ReleaseWithoutAsm|Win32.Build.0 = Release|Win32
		{83997EF6-02D6-4CDB-8B3C-DBCA3018CC72}.Debug|Win32.ActiveCfg = Debug|Win32
		{83997EF6-02D6-4CDB-8B3C-DBCA3018CC72}.Debug|Win32.Build.0 = Debug|Win32
		{83997EF6-02D6-4CDB-8B3C-DBCA3018CC72}.DLL ASM Debug|Win32.ActiveCfg = Debug|Win32
		{83997EF6-02D6-4CDB-8B3C-DBCA3018CC72}.DLL ASM Debug|Win32.Build.0 = Debug|Win32
		{83997EF6-02D6-4CDB-8B3C-DBCA3018CC72}.DLL ASM Release|Win32.ActiveCfg = Release|Win32
		{83997EF6-02D6-4CDB-8B3C-DBCA3018CC72}.DLL ASM Release|Win32.Build.0 = Release|Win32
		{83997EF6-02D6-4CDB-8B3C-DBCA3018CC72}.DLL Debug|Win32.ActiveCfg = Debug|Win32
		{83997EF6-02D6-4CDB-8B3C-DBCA3018CC72}.DLL Debug|Win32.Build.0 = Debug|Win32
		{83997EF6-02D6-4CDB-8B3C-DBCA3018CC72}.DLL Release|Win32.ActiveCfg = Release|Win32
		{83997EF6-02D6-4CDB-8B3C-DBCA3018CC72}.DLL Release|Win32.Build.0 = Release|Win32
		{83997EF6-02D6-4CDB-8B3C-DBCA3018CC72}.DLL VB|Win32.ActiveCfg = Debug|Win32
		{83997EF6-02D6-4CDB-8B3C-DBCA3018CC72}.DLL VB|Win32.Build.0 = Debug|Win32
		{83997EF6-02D6-4CDB-8B3C-DBCA3018CC72}.LIB ASM Debug|Win32.ActiveCfg = Debug|Win32
		{83997EF6-02D6-4CDB-8B3C-DBCA3018CC72}.LIB ASM Debug|Win32.Build.0 = Debug|Win32
		{83997EF6-02D6-4CDB-8B3C-DBCA3018CC72}.LIB ASM Release|Win32.ActiveCfg = Release|Win32
		{83997EF6-02D6-4CDB-8B3C-DBCA3018CC72}.LIB ASM Release|Win32.Build.0 = Release|Win32
		{83997EF6-02D6-4CDB-8B3C-DBCA3018CC72}.LIB Debug|Win32.ActiveCfg = Debug|Win32
		{83997EF6-02D6-4CDB-8B3C-DBCA3018CC72}.LIB Debug|Win32.Build.0 = Debug|Win32
		{83997EF6-02D6-4CDB-8B3C-DBCA3018CC72}.LIB Release|Win32.ActiveCfg = Release|Win32
		{83997EF6-02D6-4CDB-8B3C-DBCA3018CC72}.LIB Release|Win32.Build.0 = Release|Win32
		{83997EF6-02D6-4CDB-8B3C-DBCA3018CC72}.Release|Win32.ActiveCfg = Release|Win32
		{83997EF6-02D6-4CDB-8B3C-DBCA3018CC72}.Release|Win32.Build.0 = Release|Win32
		{83997EF6-02D6-4CDB-8B3C-DBCA3018CC72}.ReleaseAxp|Win32.ActiveCfg = Release|Win32
		{83997EF6-02D6-4CDB-8B3C-DBCA3018CC72}.ReleaseAxp|Win32.Build.0 = Release|Win32
		{83997EF6-02D6-4CDB-8B3C-DBCA3018CC72}.ReleaseWithoutAsm|Win32.ActiveCfg = Release|Win32
		{83997EF6-02D6-4CDB-8B3C-DBCA3018CC72}.ReleaseWithoutAsm|Win32.Build.0 = Release|Win32
		{4AD046BF-6F3E-4C17-9367-672D24EAD712}.Debug|Win32.ActiveCfg = Debug|Win32
		{4AD046BF-6F3E-4C17-9367-672D24EAD712}.Debug|Win32.Build.0 = Debug|Win32
		{4AD046BF-6F3E-4C17-9367-672D24EAD712}.DLL ASM Debug|Win32.ActiveCfg = Debug|Win32
		{4AD046BF-6F3E-4C17-9367-672D24EAD712}.DLL ASM Debug|Win32.Build.0 = Debug|Win32
		{4AD046BF-6F3E-4C17-9367-672D24EAD712}.DLL ASM Release|Win32.ActiveCfg = Release|Win32
		{4AD046BF-6F3E-4C17-9367-672D24EAD712}.DLL ASM Release|Win32.Build.0 = Release|Win32
		{4AD046BF-6F3E-4C17-9367-672D24EAD712}.DLL Debug|Win32.ActiveCfg = Debug|Win32
		{4AD046BF-6F3E-4C17-9367-672D24EAD712}.DLL Debug|Win32.Build.0 = Debug|Win32
		{4AD046BF-6F3E-4C17-9367-672D24EAD712}.DLL Release|Win32.ActiveCfg = Release|Win32
		{4AD046BF-6F3E-4C17-9367-672D24EAD712}.DLL Release|Win32.Build.0 = Release|Win32
		{4AD046BF-6F3E-4C17-9367-672D24EAD712}.DLL VB|Win32.ActiveCfg = Debug|Win32
		{4AD046BF-6F3E-4C17-9367-672D24EAD712}.DLL VB|Win32.Build.0 = Debug|Win32
		{4AD046BF-6F3E-4C17-9367-672D24EAD712}.LIB ASM Debug|Win32.ActiveCfg = Debug|Win32
		{4AD046BF-6F3E-4C17-9367-672D24EAD712}.LIB ASM Debug|Win32.Build.0 = Debug|Win32
		{4AD046BF-6F3E-4C17-9367-672D24EAD712}.LIB ASM Release|Win32.ActiveCfg = Release|Win32
		{4AD046BF-6F3E-4C17-9367-672D24EAD712}.LIB ASM Release|Win32.Build.0 = Release|Win32
		{4AD046BF-6F3E-4C17-9367-672D24EAD712}.LIB Debug|Win32.ActiveCfg = Debug|Win32
		{4AD046BF-6F3E-4C17-9367-672D24EAD712}.LIB Debug|Win32.Build.0 = Debug|Win32
		{4AD046BF-6F3E-4C17-9367-672D24EAD712}.LIB Release|Win32.ActiveCfg = Release|Win32
		{4AD046BF-6F3E-4C17-9367-672D24EAD712}.LIB Release|Win32.Build.0 = Release|Win32
		{4AD046BF-6F3E-4C17-9367-672D24EAD712}.Release|Win32.ActiveCfg = Release|Win32
		{4AD046BF-6F3E-4C17-9367-672D24EAD712}.Release|Win32.Build.0 = Release|Win32
		{4AD046BF-6F3E-4C17-9367-672D24EAD712}.ReleaseAxp|Win32.ActiveCfg = Release|Win32
		{4AD046BF-6F3E-4C17-9367-672D24EAD712}.ReleaseAxp|Win32.Build.0 = Release|Win32
		{4AD046BF-6F3E-4C17-9367-672D24EAD712}.ReleaseWithoutAsm|Win32.ActiveCfg = Release|Win32
		{4AD046BF-6F3E-4C17-9367-672D24EAD712}.ReleaseWithoutAsm|Win32.Build.0 = Release|Win32
		{54F042E7-56C6-47FD-A44D-A8AD6A5B4118}.Debug|Win32.ActiveCfg = Debug|Win32
		{54F042E7-56C6-47FD-A44D-A8AD6A5B4118}.Debug|Win32.Build.0 = Debug|Win32
		{54F042E7-56C6-47FD-A44D-A8AD6A5B4118}.DLL ASM Debug|Win32.ActiveCfg = Debug|Win32
		{54F042E7-56C6-47FD-A44D-A8AD6A5B4118}.DLL ASM Debug|Win32.Build.0 = Debug|Win32
		{54F042E7-56C6-47FD-A44D-A8AD6A5B4118}.DLL ASM Release|Win32.ActiveCfg = Release|Win32
		{54F042E7-56C6-47FD-A44D-A8AD6A5B4118}.DLL ASM Release|Win32.Build.0 = Release|Win32
		{54F042E7-56C6-47FD-A44D-A8AD6A5B4118}.DLL Debug|Win32.ActiveCfg = Debug|Win32
		{54F042E7-56C6-47FD-A44D-A8AD6A5B4118}.DLL Debug|Win32.Build.0 = Debug|Win32
		{54F042E7-56C6-47FD-A44D-A8AD6A5B4118}.DLL Release|Win32.ActiveCfg = Release|Win32
		{54F042E7-56C6-47FD-A44D-A8AD6A5B4118}.DLL Release|Win32.Build.0 = Release|Win32
		{54F042E7-56C6-47FD-A44D-A8AD6A5B4118}.DLL VB|Win32.ActiveCfg = Debug|Win32
		{54F042E7-56C6-47FD-A44D-A8AD6A5B4118}.DLL VB|Win32.Build.0 = Debug|Win32
		{54F042E7-56C6-47FD-A44D-A8AD6A5B4118}.LIB ASM Debug|Win32.ActiveCfg = Debug|Win32
		{54F042E7-56C6-47FD-A44D-A8AD6A5B4118}.LIB ASM Debug|Win32.Build.0 = Debug|Win32
		{54F042E7-56C6-47FD-A44D-A8AD6A5B4118}.LIB ASM Release|Win32.ActiveCfg = Release|Win32
		{54F042E7-56C6-47FD-A44D-A8AD6A5B4118}.LIB ASM Release|Win32.Build.0 = Release|Win32
		{54F042E7-56C6-47FD-A44D-A8AD6A5B4118}.LIB Debug|Win32.ActiveCfg = Debug|Win32
		{54F042E7-56C6-47FD-A44D-A8AD6A5B4118}.LIB Debug|Win32.Build.0 = Debug|Win32
		{54F042E7-56C6-47FD-A44D-A8AD6A5B4118}.LIB Release|Win32.ActiveCfg = Release|Win32
		{54F042E7-56C6-47FD-A44D-A8AD6A5B4118}.LIB Release|Win32.Build.0 = Release|Win32
		{54F042E7-56C6-47FD-A44D-A8AD6A5B4118}.Release|Win32.ActiveCfg = Release|Win32
		{54F042E7-56C6-47FD-A44D-A8AD6A5B4118}.Release|Win32.Build.0 = Release|Win32
		{54F042E7-56C6-47FD-A44D-A8AD6A5B4118}.ReleaseAxp|Win32.ActiveCfg = Release|Win32
		{54F042E7-56C6-47FD-A44D-A8AD6A5B4118}.ReleaseAxp|Win32.Build.0 = Release|Win32
		{54F042E7-56C6-47FD-A44D-A8AD6A5B4118}.ReleaseWithoutAsm|Win32.ActiveCfg = Release|Win32
		{54F042E7-56C6-47FD-A44D-A8AD6A5B4118}.ReleaseWithoutAsm|Win32.Build.0 = Release|Win32
		{0FF7F403-C9CF-4FE2-B8C7-1834378D7365}.Debug|Win32.ActiveCfg = Debug|Win32
		{0FF7F403-C9CF-4FE2-B8C7-1834378D7365}.Debug|Win32.Build.0 = Debug|Win32
		{0FF7F403-C9CF-4FE2-B8C7-1834378D7365}.DLL ASM Debug|Win32.ActiveCfg = Debug|Win32
		{0FF7F403-C9CF-4FE2-B8C7-1834378D7365}.DLL ASM Debug|Win32.Build.0 = Debug|Win32
		{0FF7F403-C9CF-4FE2-B8C7-1834378D7365}.DLL ASM Release|Win32.ActiveCfg = Release|Win32
		{0FF7F403-C9CF-4FE2-B8C7-1834378D7365}.DLL ASM Release|Win32.Build.0 = Release|Win32
		{0FF7F403-C9CF-4FE2-B8C7-1834378D7365}.DLL Debug|Win32.ActiveCfg = Debug|Win32
		{0FF7F403-C9CF-4FE2-B8C7-1834378D7365}.DLL Debug|Win32.Build.0 = Debug|Win32
		{0FF7F403-C9CF-4FE2-B8C7-1834378D7365}.DLL Release|Win32.ActiveCfg = Release|Win32
		{0FF7F403-C9CF-4FE2-B8C7-1834378D7365}.DLL Release|Win32.Build.0 = Release|Win32
		{0FF7F403-C9CF-4FE2-B8C7-1834378D7365}.DLL VB|Win32.ActiveCfg = Debug|Win32
		{0FF7F403-C9CF-4FE2-B8C7-1834378D7365}.DLL VB|Win32.Build.0 = Debug|Win32
		{0FF7F403-C9CF-4FE2-B8C7-1834378D7365}.LIB ASM Debug|Win32.ActiveCfg = Debug|Win32
		{0FF7F403-C9CF-4FE2-B8C7-1834378D7365}.LIB ASM Debug|Win32.Build.0 = Debug|Win32
		{0FF7F403-C9CF-4FE2-B8C7-1834378D7365}.LIB ASM Release|Win32.ActiveCfg = Release|Win32
		{0FF7F403-C9CF-4FE2-B8C7-1834378D7365}.LIB ASM Release|Win32.Build.0 = Release|Win32
		{0FF7F403-C9CF-4FE2-B8C7-1834378D7365}.LIB Debug|Win32.ActiveCfg = Debug|Win32
		{0FF7F403-C9CF-4FE2-B8C7-1834378D7365}.LIB Debug|Win32.Build.0 = Debug|Win32
		{0FF7F403-C9CF-4FE2-B8C7-1834378D7365}.LIB Release|Win32.ActiveCfg = Release|Win32
		{0FF7F403-C9CF-4FE2-B8C7-1834378D7365}.LIB Release|Win32.Build.0 = Release|Win32
		{0FF7F403-C9CF-4FE2-B8C7-1834378D7365}.Release|Win32.ActiveCfg = Release|Win32
		{0FF7F403-C9CF-4FE2-B8C7-1834378D7365}.Release|Win32.Build.0 = Release|Win32
		{0FF7F403-C9CF-4FE2-B8C7-1834378D7365}.ReleaseAxp|Win32.ActiveCfg = Release|Win32
		{0FF7F403-C9CF-4FE2-B8C7-1834378D7365}.ReleaseAxp|Win32.Build.0 = Release|Win32
		{0FF7F403-C9CF-4FE2-B8C7-1834378D7365}.ReleaseWithoutAsm|Win32.ActiveCfg = Release|Win32
		{0FF7F403-C9CF-4FE2-B8C7-1834378D7365}.ReleaseWithoutAsm|Win32.Build.0 = Release|Win32
		{D0F3041C-C180-44DD-BC44-60B0F3732977}.Debug|Win32.ActiveCfg = Debug|Win32
		{D0F3041C-C180-44DD-BC44-60B0F3732977}.Debug|Win32.Build.0 = Debug|Win32
		{D0F3041C-C180-44DD-BC44-60B0F3732977}.DLL ASM Debug|Win32.ActiveCfg = Debug|Win32
		{D0F3041C-C180-44DD-BC44-60B0F3732977}.DLL ASM Debug|Win32.Build.0 = Debug|Win32
		{D0F3041C-C180-44DD-BC44-60B0F3732977}.DLL ASM Release|Win32.ActiveCfg = Release|Win32
		{D0F3041C-C180-44DD-BC44-60B0F3732977}.DLL ASM Release|Win32.Build.0 = Release|Win32
		{D0F3041C-C180-44DD-BC44-60B0F3732977}.DLL Debug|Win32.ActiveCfg = Debug|Win32
		{D0F3041C-C180-44DD-BC44-60B0F3732977}.DLL Debug|Win32.Build.0 = Debug|Win32
		{D0F3041C-C180-44DD-BC44-60B0F3732977}.DLL Release|Win32.ActiveCfg = Release|Win32
		{D0F3041C-C180-44DD-BC44-60B0F3732977}.DLL Release|Win32.Build.0 = Release|Win32
		{D0F3041C-C180-44DD-BC44-60B0F3732977}.DLL VB|Win32.ActiveCfg = Debug|Win32
		{D0F3041C-C180-44DD-BC44-60B0F3732977}.DLL VB|Win32.Build.0 = Debug|Win32
		{D0F3041C-C180-44DD-BC44-60B0F3732977}.LIB ASM Debug|Win32.ActiveCfg = Debug|Win32
		{D0F3041C-C180-44DD-BC44-60B0F3732977}.LIB ASM Debug|Win32.Build.0 = Debug|Win32
		{D0F3041C-C180-44DD-BC44-60B0F3732977}.LIB ASM Release|Win32.ActiveCfg = Release|Win32
		{D0F3041C-C180-44DD-BC44-60B0F3732977}.LIB ASM Release|Win32.Build.0 = Release|Win32
		{D0F3041C-C180-44DD-BC44-60B0F3732977}.LIB Debug|Win32.ActiveCfg = Debug|Win32
		{D0F3041C-C180-44DD-BC44-60B0F3732977}.LIB Debug|Win32.Build.0 = Debug|Win32
		{D0F3041C-C180-44DD-BC44-60B0F3732977}.LIB Release|Win32.ActiveCfg = Release|Win32
		{D0F3041C-C180-44DD-BC44-60B0F3732977}.LIB Release|Win32.Build.0 = Release|Win32
		{D0F3041C-C180-44DD-BC44-60B0F3732977}.Release|Win32.ActiveCfg = Release|Win32
		{D0F3041C-C180-44DD-BC44-60B0F3732977}.Release|Win32.Build.0 = Release|Win32
		{D0F3041C-C180-44DD-BC44-60B0F3732977}.ReleaseAxp|Win32.ActiveCfg = Release|Win32
		{D0F3041C-C180-44DD-BC44-60B0F3732977}.ReleaseAxp|Win32.Build.0 = Release|Win32
		{D0F3041C-C180-44DD-BC44-60B0F3732977}.ReleaseWithoutAsm|Win32.ActiveCfg = Release|Win32
		{D0F3041C-C180-44DD-BC44-60B0F3732977}.ReleaseWithoutAsm|Win32.Build.0 = Release|Win32
	EndGlobalSection
	GlobalSection(SolutionProperties) = preSolution
		HideSolutionNode = FALSE
	EndGlobalSection
EndGlobal
