<?xml version="1.0" encoding="utf-8"?>
<Project ToolsVersion="4.0" xmlns="http://schemas.microsoft.com/developer/msbuild/2003">
  <ItemGroup>
    <Filter Include="Source Files">
      <UniqueIdentifier>{0df9032d-81ed-439b-b7d7-88ee19a24d7a}</UniqueIdentifier>
      <Extensions>cpp;c;cxx;rc;def;r;odl;idl;hpj;bat</Extensions>
    </Filter>
    <Filter Include="Header Files">
      <UniqueIdentifier>{77673c8e-5c2e-4d29-acdd-8b43958b92c2}</UniqueIdentifier>
      <Extensions>h;hpp;hxx;hm;inl</Extensions>
    </Filter>
    <Filter Include="Resource Files">
      <UniqueIdentifier>{9246e782-0f54-44dc-9508-e20451891a2a}</UniqueIdentifier>
      <Extensions>ico;cur;bmp;dlg;rc2;rct;bin;rgs;gif;jpg;jpeg;jpe</Extensions>
    </Filter>
  </ItemGroup>
  <ItemGroup>
    <ClCompile Include="custsite.cpp">
      <Filter>Source Files</Filter>
    </ClCompile>
    <ClCompile Include="idispimp.cpp">
      <Filter>Source Files</Filter>
    </ClCompile>
    <ClCompile Include="MainFrm.cpp">
      <Filter>Source Files</Filter>
    </ClCompile>
    <ClCompile Include="reselect.cpp">
      <Filter>Source Files</Filter>
    </ClCompile>
    <ClCompile Include="reselectDoc.cpp">
      <Filter>Source Files</Filter>
    </ClCompile>
    <ClCompile Include="ReselectVw.cpp">
      <Filter>Source Files</Filter>
    </ClCompile>
    <ClCompile Include="StatLink.cpp">
      <Filter>Source Files</Filter>
    </ClCompile>
    <ClCompile Include="StdAfx.cpp">
      <Filter>Source Files</Filter>
    </ClCompile>
    <ClCompile Include="windowpl.cpp">
      <Filter>Source Files</Filter>
    </ClCompile>
    <ClCompile Include="resellib.cpp">
      <Filter>Source Files</Filter>
    </ClCompile>
  </ItemGroup>
  <ItemGroup>
    <ResourceCompile Include="reselect.rc">
      <Filter>Source Files</Filter>
    </ResourceCompile>
  </ItemGroup>
  <ItemGroup>
    <ClInclude Include="MainFrm.h">
      <Filter>Header Files</Filter>
    </ClInclude>
    <ClInclude Include="reselect.h">
      <Filter>Header Files</Filter>
    </ClInclude>
    <ClInclude Include="reselectDoc.h">
      <Filter>Header Files</Filter>
    </ClInclude>
    <ClInclude Include="ReselectVw.h">
      <Filter>Header Files</Filter>
    </ClInclude>
    <ClInclude Include="Resource.h">
      <Filter>Header Files</Filter>
    </ClInclude>
    <ClInclude Include="StdAfx.h">
      <Filter>Header Files</Filter>
    </ClInclude>
    <ClInclude Include="windowpl.h">
      <Filter>Header Files</Filter>
    </ClInclude>
  </ItemGroup>
  <ItemGroup>
    <Image Include="res\bkground.jpg">
      <Filter>Resource Files</Filter>
    </Image>
    <Image Include="res\bknwbb.jpg">
      <Filter>Resource Files</Filter>
    </Image>
    <Image Include="res\bktexbib.jpg">
      <Filter>Resource Files</Filter>
    </Image>
    <Image Include="res\coldtool.bmp">
      <Filter>Resource Files</Filter>
    </Image>
    <Image Include="res\hottoolb.bmp">
      <Filter>Resource Files</Filter>
    </Image>
    <Image Include="res\reselect.ico">
      <Filter>Resource Files</Filter>
    </Image>
    <Image Include="res\reselectDoc.ico">
      <Filter>Resource Files</Filter>
    </Image>
    <Image Include="res\Toolbar.bmp">
      <Filter>Resource Files</Filter>
    </Image>
    <Image Include="res\tssicon.ico">
      <Filter>Resource Files</Filter>
    </Image>
  </ItemGroup>
  <ItemGroup>
    <None Include="..\..\Samples\IE Programs\mfcie\res\MFC2.AVI">
      <Filter>Resource Files</Filter>
    </None>
    <None Include="res\reselect.rc2">
      <Filter>Resource Files</Filter>
    </None>
    <None Include="res\bkground.htm" />
    <None Include="res\nwbb.htm" />
    <None Include="res\search.htm" />
    <None Include="res\texbib.htm" />
    <None Include="res\tssrect.avi" />
    <None Include="mapxmod.asm" />
  </ItemGroup>
  <ItemGroup>
    <Text Include="ReadMe.txt" />
  </ItemGroup>
</Project>