<?xml version="1.0" encoding="utf-8"?>
<Project ToolsVersion="4.0" xmlns="http://schemas.microsoft.com/developer/msbuild/2003">
  <ItemGroup>
    <ClCompile Include="D2D-Sym.cpp">
      <Filter>Source Files</Filter>
    </ClCompile>
    <ClCompile Include="D2D-SymDoc.cpp">
      <Filter>Source Files</Filter>
    </ClCompile>
    <ClCompile Include="D2D-SymView.cpp">
      <Filter>Source Files</Filter>
    </ClCompile>
    <ClCompile Include="MainFrm.cpp">
      <Filter>Source Files</Filter>
    </ClCompile>
    <ClCompile Include="stdafx.cpp">
      <Filter>Source Files</Filter>
    </ClCompile>
    <ClCompile Include="AbtBox.cpp">
      <Filter>Source Files</Filter>
    </ClCompile>
    <ClCompile Include="ColorButton.cpp">
      <Filter>Source Files</Filter>
    </ClCompile>
    <ClCompile Include="ColorPopup.cpp">
      <Filter>Source Files</Filter>
    </ClCompile>
    <ClCompile Include="NiceSlider.cpp">
      <Filter>Source Files</Filter>
    </ClCompile>
    <ClCompile Include="SymDlg.cpp">
      <Filter>Source Files</Filter>
    </ClCompile>
    <ClCompile Include="$(WorkINC)\GetElapsedSecs.cpp" />
  </ItemGroup>
  <ItemGroup>
    <ClInclude Include="D2D-Sym.h">
      <Filter>Header Files</Filter>
    </ClInclude>
    <ClInclude Include="D2D-SymDoc.h">
      <Filter>Header Files</Filter>
    </ClInclude>
    <ClInclude Include="D2D-SymView.h">
      <Filter>Header Files</Filter>
    </ClInclude>
    <ClInclude Include="Resource.h">
      <Filter>Header Files</Filter>
    </ClInclude>
    <ClInclude Include="stdafx.h">
      <Filter>Header Files</Filter>
    </ClInclude>
    <ClInclude Include="MainFrm.h">
      <Filter>Header Files</Filter>
    </ClInclude>
    <ClInclude Include="targetver.h">
      <Filter>Header Files</Filter>
    </ClInclude>
    <ClInclude Include="ColorPopup.h">
      <Filter>Header Files</Filter>
    </ClInclude>
    <ClInclude Include="NiceSlider.h">
      <Filter>Header Files</Filter>
    </ClInclude>
    <ClInclude Include="ColorButton.h">
      <Filter>Header Files</Filter>
    </ClInclude>
    <ClInclude Include="AbtBox.h">
      <Filter>Header Files</Filter>
    </ClInclude>
    <ClInclude Include="PixelData.h">
      <Filter>Header Files</Filter>
    </ClInclude>
    <ClInclude Include="SymDlg.h">
      <Filter>Header Files</Filter>
    </ClInclude>
    <ClInclude Include="$(WorkINC)\GetElapsedSecs.h" />
  </ItemGroup>
  <ItemGroup>
    <Image Include="res\D2D-SymDoc.ico">
      <Filter>Resource Files</Filter>
    </Image>
    <Image Include="res\D2D-Sym.ico">
      <Filter>Resource Files</Filter>
    </Image>
    <Image Include="res\Toolbar.bmp">
      <Filter>Resource Files</Filter>
    </Image>
  </ItemGroup>
  <ItemGroup>
    <Text Include="ReadMe.txt" />
  </ItemGroup>
  <ItemGroup>
    <Filter Include="Source Files">
      <UniqueIdentifier>{ed1e8f4d-3f94-4447-8d7f-f09f4792c82a}</UniqueIdentifier>
    </Filter>
    <Filter Include="Resource Files">
      <UniqueIdentifier>{b71f65bc-c01f-451b-b528-413fe2b22d65}</UniqueIdentifier>
    </Filter>
    <Filter Include="Header Files">
      <UniqueIdentifier>{cc505c64-8f54-41d9-a8e5-e9ed3fb265a1}</UniqueIdentifier>
    </Filter>
  </ItemGroup>
  <ItemGroup>
    <ResourceCompile Include="D2D-Sym.rc">
      <Filter>Resource Files</Filter>
    </ResourceCompile>
  </ItemGroup>
  <ItemGroup>
    <None Include="res\D2DSym.rc2">
      <Filter>Resource Files</Filter>
    </None>
  </ItemGroup>
</Project>