Microsoft Visual Studio Solution File, Format Version 12.00
# Visual Studio 14
Project("{8BC9CEB8-8B4A-11D0-8D11-00A0C91BC942}") = "ALL_BUILD", "ALL_BUILD.vcxproj", "{A7F4A0D0-E55E-4526-A1CE-72D38139CDF0}"
	ProjectSection(ProjectDependencies) = postProject
		{18650EC4-BAF5-4ACC-9910-8A026EBC5301} = {18650EC4-BAF5-4ACC-9910-8A026EBC5301}
		{D79BB417-2BF0-45AE-97FB-3EF4250D2392} = {D79BB417-2BF0-45AE-97FB-3EF4250D2392}
		{FF771EF7-5F96-47B8-B8AE-AFAC4C5F236E} = {FF771EF7-5F96-47B8-B8AE-AFAC4C5F236E}
		{405A2623-7C86-44AD-A697-582C30CD70BA} = {405A2623-7C86-44AD-A697-582C30CD70BA}
		{E6C4F694-E39D-4774-A024-A7153DC1578F} = {E6C4F694-E39D-4774-A024-A7153DC1578F}
		{84E3F81B-5801-40A8-96AD-49BF42DEDEE2} = {84E3F81B-5801-40A8-96AD-49BF42DEDEE2}
		{8B26FACD-EBA1-4C89-BD73-7C7E01ECB65C} = {8B26FACD-EBA1-4C89-BD73-7C7E01ECB65C}
		{0F643088-F587-45E9-8BAE-DD639E6950DA} = {0F643088-F587-45E9-8BAE-DD639E6950DA}
		{319C285E-AD6E-45A5-83C7-094B813905D7} = {319C285E-AD6E-45A5-83C7-094B813905D7}
		{BD25CB63-D54E-4672-8015-7CBFC27AEB47} = {BD25CB63-D54E-4672-8015-7CBFC27AEB47}
		{AAFDA66A-5116-408D-87F8-D45AEC01AB64} = {AAFDA66A-5116-408D-87F8-D45AEC01AB64}
		{5EBD3522-21F4-43DC-A966-F615E4EBA20D} = {5EBD3522-21F4-43DC-A966-F615E4EBA20D}
		{A858D733-3DC9-49D6-8C31-7B3585219D1B} = {A858D733-3DC9-49D6-8C31-7B3585219D1B}
		{A498CC0C-68CE-44F4-AE9B-09DDD78E6FC1} = {A498CC0C-68CE-44F4-AE9B-09DDD78E6FC1}
		{4E299850-2720-4BFA-8A96-C5BD97444E35} = {4E299850-2720-4BFA-8A96-C5BD97444E35}
		{71331B65-2549-483A-B55F-6C740B15650E} = {71331B65-2549-483A-B55F-6C740B15650E}
		{7BFF3C4C-7663-4427-9C9B-2DF0388DE429} = {7BFF3C4C-7663-4427-9C9B-2DF0388DE429}
		{DA272CA4-333D-46AA-A9F9-814C10C84E42} = {DA272CA4-333D-46AA-A9F9-814C10C84E42}
	EndProjectSection
EndProject
Project("{8BC9CEB8-8B4A-11D0-8D11-00A0C91BC942}") = "INSTALL", "INSTALL.vcxproj", "{37ABE86E-ACD4-44E9-B6F3-E74F4D3A8205}"
	ProjectSection(ProjectDependencies) = postProject
		{A7F4A0D0-E55E-4526-A1CE-72D38139CDF0} = {A7F4A0D0-E55E-4526-A1CE-72D38139CDF0}
	EndProjectSection
EndProject
Project("{8BC9CEB8-8B4A-11D0-8D11-00A0C91BC942}") = "RUN_TESTS", "RUN_TESTS.vcxproj", "{4E1AF16A-CA28-407C-A1A6-B6D04829DF70}"
	ProjectSection(ProjectDependencies) = postProject
	EndProjectSection
EndProject
Project("{8BC9CEB8-8B4A-11D0-8D11-00A0C91BC942}") = "ZERO_CHECK", "ZERO_CHECK.vcxproj", "{18650EC4-BAF5-4ACC-9910-8A026EBC5301}"
	ProjectSection(ProjectDependencies) = postProject
	EndProjectSection
EndProject
Project("{8BC9CEB8-8B4A-11D0-8D11-00A0C91BC942}") = "cjpeg", "sharedlib\cjpeg.vcxproj", "{D79BB417-2BF0-45AE-97FB-3EF4250D2392}"
	ProjectSection(ProjectDependencies) = postProject
		{18650EC4-BAF5-4ACC-9910-8A026EBC5301} = {18650EC4-BAF5-4ACC-9910-8A026EBC5301}
		{8B26FACD-EBA1-4C89-BD73-7C7E01ECB65C} = {8B26FACD-EBA1-4C89-BD73-7C7E01ECB65C}
	EndProjectSection
EndProject
Project("{8BC9CEB8-8B4A-11D0-8D11-00A0C91BC942}") = "cjpeg-static", "cjpeg-static.vcxproj", "{FF771EF7-5F96-47B8-B8AE-AFAC4C5F236E}"
	ProjectSection(ProjectDependencies) = postProject
		{18650EC4-BAF5-4ACC-9910-8A026EBC5301} = {18650EC4-BAF5-4ACC-9910-8A026EBC5301}
		{0F643088-F587-45E9-8BAE-DD639E6950DA} = {0F643088-F587-45E9-8BAE-DD639E6950DA}
	EndProjectSection
EndProject
Project("{8BC9CEB8-8B4A-11D0-8D11-00A0C91BC942}") = "djpeg", "sharedlib\djpeg.vcxproj", "{405A2623-7C86-44AD-A697-582C30CD70BA}"
	ProjectSection(ProjectDependencies) = postProject
		{18650EC4-BAF5-4ACC-9910-8A026EBC5301} = {18650EC4-BAF5-4ACC-9910-8A026EBC5301}
		{8B26FACD-EBA1-4C89-BD73-7C7E01ECB65C} = {8B26FACD-EBA1-4C89-BD73-7C7E01ECB65C}
	EndProjectSection
EndProject
Project("{8BC9CEB8-8B4A-11D0-8D11-00A0C91BC942}") = "djpeg-static", "djpeg-static.vcxproj", "{E6C4F694-E39D-4774-A024-A7153DC1578F}"
	ProjectSection(ProjectDependencies) = postProject
		{18650EC4-BAF5-4ACC-9910-8A026EBC5301} = {18650EC4-BAF5-4ACC-9910-8A026EBC5301}
		{0F643088-F587-45E9-8BAE-DD639E6950DA} = {0F643088-F587-45E9-8BAE-DD639E6950DA}
	EndProjectSection
EndProject
Project("{8BC9CEB8-8B4A-11D0-8D11-00A0C91BC942}") = "installer", "installer.vcxproj", "{E34A51C7-355E-42E0-B086-816A8F1364F1}"
	ProjectSection(ProjectDependencies) = postProject
		{18650EC4-BAF5-4ACC-9910-8A026EBC5301} = {18650EC4-BAF5-4ACC-9910-8A026EBC5301}
		{D79BB417-2BF0-45AE-97FB-3EF4250D2392} = {D79BB417-2BF0-45AE-97FB-3EF4250D2392}
		{405A2623-7C86-44AD-A697-582C30CD70BA} = {405A2623-7C86-44AD-A697-582C30CD70BA}
		{8B26FACD-EBA1-4C89-BD73-7C7E01ECB65C} = {8B26FACD-EBA1-4C89-BD73-7C7E01ECB65C}
		{0F643088-F587-45E9-8BAE-DD639E6950DA} = {0F643088-F587-45E9-8BAE-DD639E6950DA}
		{319C285E-AD6E-45A5-83C7-094B813905D7} = {319C285E-AD6E-45A5-83C7-094B813905D7}
		{AAFDA66A-5116-408D-87F8-D45AEC01AB64} = {AAFDA66A-5116-408D-87F8-D45AEC01AB64}
		{5EBD3522-21F4-43DC-A966-F615E4EBA20D} = {5EBD3522-21F4-43DC-A966-F615E4EBA20D}
		{71331B65-2549-483A-B55F-6C740B15650E} = {71331B65-2549-483A-B55F-6C740B15650E}
		{7BFF3C4C-7663-4427-9C9B-2DF0388DE429} = {7BFF3C4C-7663-4427-9C9B-2DF0388DE429}
		{DA272CA4-333D-46AA-A9F9-814C10C84E42} = {DA272CA4-333D-46AA-A9F9-814C10C84E42}
	EndProjectSection
EndProject
Project("{8BC9CEB8-8B4A-11D0-8D11-00A0C91BC942}") = "jcstest", "sharedlib\jcstest.vcxproj", "{84E3F81B-5801-40A8-96AD-49BF42DEDEE2}"
	ProjectSection(ProjectDependencies) = postProject
		{18650EC4-BAF5-4ACC-9910-8A026EBC5301} = {18650EC4-BAF5-4ACC-9910-8A026EBC5301}
		{8B26FACD-EBA1-4C89-BD73-7C7E01ECB65C} = {8B26FACD-EBA1-4C89-BD73-7C7E01ECB65C}
	EndProjectSection
EndProject
Project("{8BC9CEB8-8B4A-11D0-8D11-00A0C91BC942}") = "jpeg", "sharedlib\jpeg.vcxproj", "{8B26FACD-EBA1-4C89-BD73-7C7E01ECB65C}"
	ProjectSection(ProjectDependencies) = postProject
		{18650EC4-BAF5-4ACC-9910-8A026EBC5301} = {18650EC4-BAF5-4ACC-9910-8A026EBC5301}
		{6627761B-B9DD-4374-B00F-A4D5C63956E2} = {6627761B-B9DD-4374-B00F-A4D5C63956E2}
	EndProjectSection
EndProject
Project("{8BC9CEB8-8B4A-11D0-8D11-00A0C91BC942}") = "jpeg-static", "jpeg-static.vcxproj", "{0F643088-F587-45E9-8BAE-DD639E6950DA}"
	ProjectSection(ProjectDependencies) = postProject
		{18650EC4-BAF5-4ACC-9910-8A026EBC5301} = {18650EC4-BAF5-4ACC-9910-8A026EBC5301}
		{6627761B-B9DD-4374-B00F-A4D5C63956E2} = {6627761B-B9DD-4374-B00F-A4D5C63956E2}
	EndProjectSection
EndProject
Project("{8BC9CEB8-8B4A-11D0-8D11-00A0C91BC942}") = "jpegtran", "sharedlib\jpegtran.vcxproj", "{319C285E-AD6E-45A5-83C7-094B813905D7}"
	ProjectSection(ProjectDependencies) = postProject
		{18650EC4-BAF5-4ACC-9910-8A026EBC5301} = {18650EC4-BAF5-4ACC-9910-8A026EBC5301}
		{8B26FACD-EBA1-4C89-BD73-7C7E01ECB65C} = {8B26FACD-EBA1-4C89-BD73-7C7E01ECB65C}
	EndProjectSection
EndProject
Project("{8BC9CEB8-8B4A-11D0-8D11-00A0C91BC942}") = "jpegtran-static", "jpegtran-static.vcxproj", "{BD25CB63-D54E-4672-8015-7CBFC27AEB47}"
	ProjectSection(ProjectDependencies) = postProject
		{18650EC4-BAF5-4ACC-9910-8A026EBC5301} = {18650EC4-BAF5-4ACC-9910-8A026EBC5301}
		{0F643088-F587-45E9-8BAE-DD639E6950DA} = {0F643088-F587-45E9-8BAE-DD639E6950DA}
	EndProjectSection
EndProject
Project("{8BC9CEB8-8B4A-11D0-8D11-00A0C91BC942}") = "rdjpgcom", "rdjpgcom.vcxproj", "{AAFDA66A-5116-408D-87F8-D45AEC01AB64}"
	ProjectSection(ProjectDependencies) = postProject
		{18650EC4-BAF5-4ACC-9910-8A026EBC5301} = {18650EC4-BAF5-4ACC-9910-8A026EBC5301}
	EndProjectSection
EndProject
Project("{8BC9CEB8-8B4A-11D0-8D11-00A0C91BC942}") = "simd", "simd\simd.vcxproj", "{6627761B-B9DD-4374-B00F-A4D5C63956E2}"
	ProjectSection(ProjectDependencies) = postProject
		{18650EC4-BAF5-4ACC-9910-8A026EBC5301} = {18650EC4-BAF5-4ACC-9910-8A026EBC5301}
	EndProjectSection
EndProject
Project("{8BC9CEB8-8B4A-11D0-8D11-00A0C91BC942}") = "testclean", "testclean.vcxproj", "{90D03191-D728-40A3-98A0-F8A5578BBA8C}"
	ProjectSection(ProjectDependencies) = postProject
		{18650EC4-BAF5-4ACC-9910-8A026EBC5301} = {18650EC4-BAF5-4ACC-9910-8A026EBC5301}
	EndProjectSection
EndProject
Project("{8BC9CEB8-8B4A-11D0-8D11-00A0C91BC942}") = "tjbench", "tjbench.vcxproj", "{5EBD3522-21F4-43DC-A966-F615E4EBA20D}"
	ProjectSection(ProjectDependencies) = postProject
		{18650EC4-BAF5-4ACC-9910-8A026EBC5301} = {18650EC4-BAF5-4ACC-9910-8A026EBC5301}
		{0F643088-F587-45E9-8BAE-DD639E6950DA} = {0F643088-F587-45E9-8BAE-DD639E6950DA}
		{71331B65-2549-483A-B55F-6C740B15650E} = {71331B65-2549-483A-B55F-6C740B15650E}
	EndProjectSection
EndProject
Project("{8BC9CEB8-8B4A-11D0-8D11-00A0C91BC942}") = "tjbench-static", "tjbench-static.vcxproj", "{A858D733-3DC9-49D6-8C31-7B3585219D1B}"
	ProjectSection(ProjectDependencies) = postProject
		{18650EC4-BAF5-4ACC-9910-8A026EBC5301} = {18650EC4-BAF5-4ACC-9910-8A026EBC5301}
		{0F643088-F587-45E9-8BAE-DD639E6950DA} = {0F643088-F587-45E9-8BAE-DD639E6950DA}
		{7BFF3C4C-7663-4427-9C9B-2DF0388DE429} = {7BFF3C4C-7663-4427-9C9B-2DF0388DE429}
	EndProjectSection
EndProject
Project("{8BC9CEB8-8B4A-11D0-8D11-00A0C91BC942}") = "tjunittest", "tjunittest.vcxproj", "{A498CC0C-68CE-44F4-AE9B-09DDD78E6FC1}"
	ProjectSection(ProjectDependencies) = postProject
		{18650EC4-BAF5-4ACC-9910-8A026EBC5301} = {18650EC4-BAF5-4ACC-9910-8A026EBC5301}
		{71331B65-2549-483A-B55F-6C740B15650E} = {71331B65-2549-483A-B55F-6C740B15650E}
	EndProjectSection
EndProject
Project("{8BC9CEB8-8B4A-11D0-8D11-00A0C91BC942}") = "tjunittest-static", "tjunittest-static.vcxproj", "{4E299850-2720-4BFA-8A96-C5BD97444E35}"
	ProjectSection(ProjectDependencies) = postProject
		{18650EC4-BAF5-4ACC-9910-8A026EBC5301} = {18650EC4-BAF5-4ACC-9910-8A026EBC5301}
		{7BFF3C4C-7663-4427-9C9B-2DF0388DE429} = {7BFF3C4C-7663-4427-9C9B-2DF0388DE429}
	EndProjectSection
EndProject
Project("{8BC9CEB8-8B4A-11D0-8D11-00A0C91BC942}") = "turbojpeg", "turbojpeg.vcxproj", "{71331B65-2549-483A-B55F-6C740B15650E}"
	ProjectSection(ProjectDependencies) = postProject
		{18650EC4-BAF5-4ACC-9910-8A026EBC5301} = {18650EC4-BAF5-4ACC-9910-8A026EBC5301}
		{0F643088-F587-45E9-8BAE-DD639E6950DA} = {0F643088-F587-45E9-8BAE-DD639E6950DA}
	EndProjectSection
EndProject
Project("{8BC9CEB8-8B4A-11D0-8D11-00A0C91BC942}") = "turbojpeg-static", "turbojpeg-static.vcxproj", "{7BFF3C4C-7663-4427-9C9B-2DF0388DE429}"
	ProjectSection(ProjectDependencies) = postProject
		{18650EC4-BAF5-4ACC-9910-8A026EBC5301} = {18650EC4-BAF5-4ACC-9910-8A026EBC5301}
		{6627761B-B9DD-4374-B00F-A4D5C63956E2} = {6627761B-B9DD-4374-B00F-A4D5C63956E2}
	EndProjectSection
EndProject
Project("{8BC9CEB8-8B4A-11D0-8D11-00A0C91BC942}") = "wrjpgcom", "wrjpgcom.vcxproj", "{DA272CA4-333D-46AA-A9F9-814C10C84E42}"
	ProjectSection(ProjectDependencies) = postProject
		{18650EC4-BAF5-4ACC-9910-8A026EBC5301} = {18650EC4-BAF5-4ACC-9910-8A026EBC5301}
	EndProjectSection
EndProject
Global
	GlobalSection(SolutionConfigurationPlatforms) = preSolution
		Debug|Win32 = Debug|Win32
		Release|Win32 = Release|Win32
		MinSizeRel|Win32 = MinSizeRel|Win32
		RelWithDebInfo|Win32 = RelWithDebInfo|Win32
	EndGlobalSection
	GlobalSection(ProjectConfigurationPlatforms) = postSolution
		{A7F4A0D0-E55E-4526-A1CE-72D38139CDF0}.Debug|Win32.ActiveCfg = Debug|Win32
		{A7F4A0D0-E55E-4526-A1CE-72D38139CDF0}.Debug|Win32.Build.0 = Debug|Win32
		{A7F4A0D0-E55E-4526-A1CE-72D38139CDF0}.Release|Win32.ActiveCfg = Release|Win32
		{A7F4A0D0-E55E-4526-A1CE-72D38139CDF0}.Release|Win32.Build.0 = Release|Win32
		{A7F4A0D0-E55E-4526-A1CE-72D38139CDF0}.MinSizeRel|Win32.ActiveCfg = MinSizeRel|Win32
		{A7F4A0D0-E55E-4526-A1CE-72D38139CDF0}.MinSizeRel|Win32.Build.0 = MinSizeRel|Win32
		{A7F4A0D0-E55E-4526-A1CE-72D38139CDF0}.RelWithDebInfo|Win32.ActiveCfg = RelWithDebInfo|Win32
		{A7F4A0D0-E55E-4526-A1CE-72D38139CDF0}.RelWithDebInfo|Win32.Build.0 = RelWithDebInfo|Win32
		{37ABE86E-ACD4-44E9-B6F3-E74F4D3A8205}.Debug|Win32.ActiveCfg = Debug|Win32
		{37ABE86E-ACD4-44E9-B6F3-E74F4D3A8205}.Release|Win32.ActiveCfg = Release|Win32
		{37ABE86E-ACD4-44E9-B6F3-E74F4D3A8205}.MinSizeRel|Win32.ActiveCfg = MinSizeRel|Win32
		{37ABE86E-ACD4-44E9-B6F3-E74F4D3A8205}.RelWithDebInfo|Win32.ActiveCfg = RelWithDebInfo|Win32
		{4E1AF16A-CA28-407C-A1A6-B6D04829DF70}.Debug|Win32.ActiveCfg = Debug|Win32
		{4E1AF16A-CA28-407C-A1A6-B6D04829DF70}.Release|Win32.ActiveCfg = Release|Win32
		{4E1AF16A-CA28-407C-A1A6-B6D04829DF70}.MinSizeRel|Win32.ActiveCfg = MinSizeRel|Win32
		{4E1AF16A-CA28-407C-A1A6-B6D04829DF70}.RelWithDebInfo|Win32.ActiveCfg = RelWithDebInfo|Win32
		{18650EC4-BAF5-4ACC-9910-8A026EBC5301}.Debug|Win32.ActiveCfg = Debug|Win32
		{18650EC4-BAF5-4ACC-9910-8A026EBC5301}.Debug|Win32.Build.0 = Debug|Win32
		{18650EC4-BAF5-4ACC-9910-8A026EBC5301}.Release|Win32.ActiveCfg = Release|Win32
		{18650EC4-BAF5-4ACC-9910-8A026EBC5301}.Release|Win32.Build.0 = Release|Win32
		{18650EC4-BAF5-4ACC-9910-8A026EBC5301}.MinSizeRel|Win32.ActiveCfg = MinSizeRel|Win32
		{18650EC4-BAF5-4ACC-9910-8A026EBC5301}.MinSizeRel|Win32.Build.0 = MinSizeRel|Win32
		{18650EC4-BAF5-4ACC-9910-8A026EBC5301}.RelWithDebInfo|Win32.ActiveCfg = RelWithDebInfo|Win32
		{18650EC4-BAF5-4ACC-9910-8A026EBC5301}.RelWithDebInfo|Win32.Build.0 = RelWithDebInfo|Win32
		{D79BB417-2BF0-45AE-97FB-3EF4250D2392}.Debug|Win32.ActiveCfg = Debug|Win32
		{D79BB417-2BF0-45AE-97FB-3EF4250D2392}.Debug|Win32.Build.0 = Debug|Win32
		{D79BB417-2BF0-45AE-97FB-3EF4250D2392}.Release|Win32.ActiveCfg = Release|Win32
		{D79BB417-2BF0-45AE-97FB-3EF4250D2392}.Release|Win32.Build.0 = Release|Win32
		{D79BB417-2BF0-45AE-97FB-3EF4250D2392}.MinSizeRel|Win32.ActiveCfg = MinSizeRel|Win32
		{D79BB417-2BF0-45AE-97FB-3EF4250D2392}.MinSizeRel|Win32.Build.0 = MinSizeRel|Win32
		{D79BB417-2BF0-45AE-97FB-3EF4250D2392}.RelWithDebInfo|Win32.ActiveCfg = RelWithDebInfo|Win32
		{D79BB417-2BF0-45AE-97FB-3EF4250D2392}.RelWithDebInfo|Win32.Build.0 = RelWithDebInfo|Win32
		{FF771EF7-5F96-47B8-B8AE-AFAC4C5F236E}.Debug|Win32.ActiveCfg = Debug|Win32
		{FF771EF7-5F96-47B8-B8AE-AFAC4C5F236E}.Debug|Win32.Build.0 = Debug|Win32
		{FF771EF7-5F96-47B8-B8AE-AFAC4C5F236E}.Release|Win32.ActiveCfg = Release|Win32
		{FF771EF7-5F96-47B8-B8AE-AFAC4C5F236E}.Release|Win32.Build.0 = Release|Win32
		{FF771EF7-5F96-47B8-B8AE-AFAC4C5F236E}.MinSizeRel|Win32.ActiveCfg = MinSizeRel|Win32
		{FF771EF7-5F96-47B8-B8AE-AFAC4C5F236E}.MinSizeRel|Win32.Build.0 = MinSizeRel|Win32
		{FF771EF7-5F96-47B8-B8AE-AFAC4C5F236E}.RelWithDebInfo|Win32.ActiveCfg = RelWithDebInfo|Win32
		{FF771EF7-5F96-47B8-B8AE-AFAC4C5F236E}.RelWithDebInfo|Win32.Build.0 = RelWithDebInfo|Win32
		{405A2623-7C86-44AD-A697-582C30CD70BA}.Debug|Win32.ActiveCfg = Debug|Win32
		{405A2623-7C86-44AD-A697-582C30CD70BA}.Debug|Win32.Build.0 = Debug|Win32
		{405A2623-7C86-44AD-A697-582C30CD70BA}.Release|Win32.ActiveCfg = Release|Win32
		{405A2623-7C86-44AD-A697-582C30CD70BA}.Release|Win32.Build.0 = Release|Win32
		{405A2623-7C86-44AD-A697-582C30CD70BA}.MinSizeRel|Win32.ActiveCfg = MinSizeRel|Win32
		{405A2623-7C86-44AD-A697-582C30CD70BA}.MinSizeRel|Win32.Build.0 = MinSizeRel|Win32
		{405A2623-7C86-44AD-A697-582C30CD70BA}.RelWithDebInfo|Win32.ActiveCfg = RelWithDebInfo|Win32
		{405A2623-7C86-44AD-A697-582C30CD70BA}.RelWithDebInfo|Win32.Build.0 = RelWithDebInfo|Win32
		{E6C4F694-E39D-4774-A024-A7153DC1578F}.Debug|Win32.ActiveCfg = Debug|Win32
		{E6C4F694-E39D-4774-A024-A7153DC1578F}.Debug|Win32.Build.0 = Debug|Win32
		{E6C4F694-E39D-4774-A024-A7153DC1578F}.Release|Win32.ActiveCfg = Release|Win32
		{E6C4F694-E39D-4774-A024-A7153DC1578F}.Release|Win32.Build.0 = Release|Win32
		{E6C4F694-E39D-4774-A024-A7153DC1578F}.MinSizeRel|Win32.ActiveCfg = MinSizeRel|Win32
		{E6C4F694-E39D-4774-A024-A7153DC1578F}.MinSizeRel|Win32.Build.0 = MinSizeRel|Win32
		{E6C4F694-E39D-4774-A024-A7153DC1578F}.RelWithDebInfo|Win32.ActiveCfg = RelWithDebInfo|Win32
		{E6C4F694-E39D-4774-A024-A7153DC1578F}.RelWithDebInfo|Win32.Build.0 = RelWithDebInfo|Win32
		{E34A51C7-355E-42E0-B086-816A8F1364F1}.Debug|Win32.ActiveCfg = Debug|Win32
		{E34A51C7-355E-42E0-B086-816A8F1364F1}.Release|Win32.ActiveCfg = Release|Win32
		{E34A51C7-355E-42E0-B086-816A8F1364F1}.MinSizeRel|Win32.ActiveCfg = MinSizeRel|Win32
		{E34A51C7-355E-42E0-B086-816A8F1364F1}.RelWithDebInfo|Win32.ActiveCfg = RelWithDebInfo|Win32
		{84E3F81B-5801-40A8-96AD-49BF42DEDEE2}.Debug|Win32.ActiveCfg = Debug|Win32
		{84E3F81B-5801-40A8-96AD-49BF42DEDEE2}.Debug|Win32.Build.0 = Debug|Win32
		{84E3F81B-5801-40A8-96AD-49BF42DEDEE2}.Release|Win32.ActiveCfg = Release|Win32
		{84E3F81B-5801-40A8-96AD-49BF42DEDEE2}.Release|Win32.Build.0 = Release|Win32
		{84E3F81B-5801-40A8-96AD-49BF42DEDEE2}.MinSizeRel|Win32.ActiveCfg = MinSizeRel|Win32
		{84E3F81B-5801-40A8-96AD-49BF42DEDEE2}.MinSizeRel|Win32.Build.0 = MinSizeRel|Win32
		{84E3F81B-5801-40A8-96AD-49BF42DEDEE2}.RelWithDebInfo|Win32.ActiveCfg = RelWithDebInfo|Win32
		{84E3F81B-5801-40A8-96AD-49BF42DEDEE2}.RelWithDebInfo|Win32.Build.0 = RelWithDebInfo|Win32
		{8B26FACD-EBA1-4C89-BD73-7C7E01ECB65C}.Debug|Win32.ActiveCfg = Debug|Win32
		{8B26FACD-EBA1-4C89-BD73-7C7E01ECB65C}.Debug|Win32.Build.0 = Debug|Win32
		{8B26FACD-EBA1-4C89-BD73-7C7E01ECB65C}.Release|Win32.ActiveCfg = Release|Win32
		{8B26FACD-EBA1-4C89-BD73-7C7E01ECB65C}.Release|Win32.Build.0 = Release|Win32
		{8B26FACD-EBA1-4C89-BD73-7C7E01ECB65C}.MinSizeRel|Win32.ActiveCfg = MinSizeRel|Win32
		{8B26FACD-EBA1-4C89-BD73-7C7E01ECB65C}.MinSizeRel|Win32.Build.0 = MinSizeRel|Win32
		{8B26FACD-EBA1-4C89-BD73-7C7E01ECB65C}.RelWithDebInfo|Win32.ActiveCfg = RelWithDebInfo|Win32
		{8B26FACD-EBA1-4C89-BD73-7C7E01ECB65C}.RelWithDebInfo|Win32.Build.0 = RelWithDebInfo|Win32
		{0F643088-F587-45E9-8BAE-DD639E6950DA}.Debug|Win32.ActiveCfg = Debug|Win32
		{0F643088-F587-45E9-8BAE-DD639E6950DA}.Debug|Win32.Build.0 = Debug|Win32
		{0F643088-F587-45E9-8BAE-DD639E6950DA}.Release|Win32.ActiveCfg = Release|Win32
		{0F643088-F587-45E9-8BAE-DD639E6950DA}.Release|Win32.Build.0 = Release|Win32
		{0F643088-F587-45E9-8BAE-DD639E6950DA}.MinSizeRel|Win32.ActiveCfg = MinSizeRel|Win32
		{0F643088-F587-45E9-8BAE-DD639E6950DA}.MinSizeRel|Win32.Build.0 = MinSizeRel|Win32
		{0F643088-F587-45E9-8BAE-DD639E6950DA}.RelWithDebInfo|Win32.ActiveCfg = RelWithDebInfo|Win32
		{0F643088-F587-45E9-8BAE-DD639E6950DA}.RelWithDebInfo|Win32.Build.0 = RelWithDebInfo|Win32
		{319C285E-AD6E-45A5-83C7-094B813905D7}.Debug|Win32.ActiveCfg = Debug|Win32
		{319C285E-AD6E-45A5-83C7-094B813905D7}.Debug|Win32.Build.0 = Debug|Win32
		{319C285E-AD6E-45A5-83C7-094B813905D7}.Release|Win32.ActiveCfg = Release|Win32
		{319C285E-AD6E-45A5-83C7-094B813905D7}.Release|Win32.Build.0 = Release|Win32
		{319C285E-AD6E-45A5-83C7-094B813905D7}.MinSizeRel|Win32.ActiveCfg = MinSizeRel|Win32
		{319C285E-AD6E-45A5-83C7-094B813905D7}.MinSizeRel|Win32.Build.0 = MinSizeRel|Win32
		{319C285E-AD6E-45A5-83C7-094B813905D7}.RelWithDebInfo|Win32.ActiveCfg = RelWithDebInfo|Win32
		{319C285E-AD6E-45A5-83C7-094B813905D7}.RelWithDebInfo|Win32.Build.0 = RelWithDebInfo|Win32
		{BD25CB63-D54E-4672-8015-7CBFC27AEB47}.Debug|Win32.ActiveCfg = Debug|Win32
		{BD25CB63-D54E-4672-8015-7CBFC27AEB47}.Debug|Win32.Build.0 = Debug|Win32
		{BD25CB63-D54E-4672-8015-7CBFC27AEB47}.Release|Win32.ActiveCfg = Release|Win32
		{BD25CB63-D54E-4672-8015-7CBFC27AEB47}.Release|Win32.Build.0 = Release|Win32
		{BD25CB63-D54E-4672-8015-7CBFC27AEB47}.MinSizeRel|Win32.ActiveCfg = MinSizeRel|Win32
		{BD25CB63-D54E-4672-8015-7CBFC27AEB47}.MinSizeRel|Win32.Build.0 = MinSizeRel|Win32
		{BD25CB63-D54E-4672-8015-7CBFC27AEB47}.RelWithDebInfo|Win32.ActiveCfg = RelWithDebInfo|Win32
		{BD25CB63-D54E-4672-8015-7CBFC27AEB47}.RelWithDebInfo|Win32.Build.0 = RelWithDebInfo|Win32
		{AAFDA66A-5116-408D-87F8-D45AEC01AB64}.Debug|Win32.ActiveCfg = Debug|Win32
		{AAFDA66A-5116-408D-87F8-D45AEC01AB64}.Debug|Win32.Build.0 = Debug|Win32
		{AAFDA66A-5116-408D-87F8-D45AEC01AB64}.Release|Win32.ActiveCfg = Release|Win32
		{AAFDA66A-5116-408D-87F8-D45AEC01AB64}.Release|Win32.Build.0 = Release|Win32
		{AAFDA66A-5116-408D-87F8-D45AEC01AB64}.MinSizeRel|Win32.ActiveCfg = MinSizeRel|Win32
		{AAFDA66A-5116-408D-87F8-D45AEC01AB64}.MinSizeRel|Win32.Build.0 = MinSizeRel|Win32
		{AAFDA66A-5116-408D-87F8-D45AEC01AB64}.RelWithDebInfo|Win32.ActiveCfg = RelWithDebInfo|Win32
		{AAFDA66A-5116-408D-87F8-D45AEC01AB64}.RelWithDebInfo|Win32.Build.0 = RelWithDebInfo|Win32
		{6627761B-B9DD-4374-B00F-A4D5C63956E2}.Debug|Win32.ActiveCfg = Debug|Win32
		{6627761B-B9DD-4374-B00F-A4D5C63956E2}.Debug|Win32.Build.0 = Debug|Win32
		{6627761B-B9DD-4374-B00F-A4D5C63956E2}.Release|Win32.ActiveCfg = Release|Win32
		{6627761B-B9DD-4374-B00F-A4D5C63956E2}.Release|Win32.Build.0 = Release|Win32
		{6627761B-B9DD-4374-B00F-A4D5C63956E2}.MinSizeRel|Win32.ActiveCfg = MinSizeRel|Win32
		{6627761B-B9DD-4374-B00F-A4D5C63956E2}.MinSizeRel|Win32.Build.0 = MinSizeRel|Win32
		{6627761B-B9DD-4374-B00F-A4D5C63956E2}.RelWithDebInfo|Win32.ActiveCfg = RelWithDebInfo|Win32
		{6627761B-B9DD-4374-B00F-A4D5C63956E2}.RelWithDebInfo|Win32.Build.0 = RelWithDebInfo|Win32
		{90D03191-D728-40A3-98A0-F8A5578BBA8C}.Debug|Win32.ActiveCfg = Debug|Win32
		{90D03191-D728-40A3-98A0-F8A5578BBA8C}.Release|Win32.ActiveCfg = Release|Win32
		{90D03191-D728-40A3-98A0-F8A5578BBA8C}.MinSizeRel|Win32.ActiveCfg = MinSizeRel|Win32
		{90D03191-D728-40A3-98A0-F8A5578BBA8C}.RelWithDebInfo|Win32.ActiveCfg = RelWithDebInfo|Win32
		{5EBD3522-21F4-43DC-A966-F615E4EBA20D}.Debug|Win32.ActiveCfg = Debug|Win32
		{5EBD3522-21F4-43DC-A966-F615E4EBA20D}.Debug|Win32.Build.0 = Debug|Win32
		{5EBD3522-21F4-43DC-A966-F615E4EBA20D}.Release|Win32.ActiveCfg = Release|Win32
		{5EBD3522-21F4-43DC-A966-F615E4EBA20D}.Release|Win32.Build.0 = Release|Win32
		{5EBD3522-21F4-43DC-A966-F615E4EBA20D}.MinSizeRel|Win32.ActiveCfg = MinSizeRel|Win32
		{5EBD3522-21F4-43DC-A966-F615E4EBA20D}.MinSizeRel|Win32.Build.0 = MinSizeRel|Win32
		{5EBD3522-21F4-43DC-A966-F615E4EBA20D}.RelWithDebInfo|Win32.ActiveCfg = RelWithDebInfo|Win32
		{5EBD3522-21F4-43DC-A966-F615E4EBA20D}.RelWithDebInfo|Win32.Build.0 = RelWithDebInfo|Win32
		{A858D733-3DC9-49D6-8C31-7B3585219D1B}.Debug|Win32.ActiveCfg = Debug|Win32
		{A858D733-3DC9-49D6-8C31-7B3585219D1B}.Debug|Win32.Build.0 = Debug|Win32
		{A858D733-3DC9-49D6-8C31-7B3585219D1B}.Release|Win32.ActiveCfg = Release|Win32
		{A858D733-3DC9-49D6-8C31-7B3585219D1B}.Release|Win32.Build.0 = Release|Win32
		{A858D733-3DC9-49D6-8C31-7B3585219D1B}.MinSizeRel|Win32.ActiveCfg = MinSizeRel|Win32
		{A858D733-3DC9-49D6-8C31-7B3585219D1B}.MinSizeRel|Win32.Build.0 = MinSizeRel|Win32
		{A858D733-3DC9-49D6-8C31-7B3585219D1B}.RelWithDebInfo|Win32.ActiveCfg = RelWithDebInfo|Win32
		{A858D733-3DC9-49D6-8C31-7B3585219D1B}.RelWithDebInfo|Win32.Build.0 = RelWithDebInfo|Win32
		{A498CC0C-68CE-44F4-AE9B-09DDD78E6FC1}.Debug|Win32.ActiveCfg = Debug|Win32
		{A498CC0C-68CE-44F4-AE9B-09DDD78E6FC1}.Debug|Win32.Build.0 = Debug|Win32
		{A498CC0C-68CE-44F4-AE9B-09DDD78E6FC1}.Release|Win32.ActiveCfg = Release|Win32
		{A498CC0C-68CE-44F4-AE9B-09DDD78E6FC1}.Release|Win32.Build.0 = Release|Win32
		{A498CC0C-68CE-44F4-AE9B-09DDD78E6FC1}.MinSizeRel|Win32.ActiveCfg = MinSizeRel|Win32
		{A498CC0C-68CE-44F4-AE9B-09DDD78E6FC1}.MinSizeRel|Win32.Build.0 = MinSizeRel|Win32
		{A498CC0C-68CE-44F4-AE9B-09DDD78E6FC1}.RelWithDebInfo|Win32.ActiveCfg = RelWithDebInfo|Win32
		{A498CC0C-68CE-44F4-AE9B-09DDD78E6FC1}.RelWithDebInfo|Win32.Build.0 = RelWithDebInfo|Win32
		{4E299850-2720-4BFA-8A96-C5BD97444E35}.Debug|Win32.ActiveCfg = Debug|Win32
		{4E299850-2720-4BFA-8A96-C5BD97444E35}.Debug|Win32.Build.0 = Debug|Win32
		{4E299850-2720-4BFA-8A96-C5BD97444E35}.Release|Win32.ActiveCfg = Release|Win32
		{4E299850-2720-4BFA-8A96-C5BD97444E35}.Release|Win32.Build.0 = Release|Win32
		{4E299850-2720-4BFA-8A96-C5BD97444E35}.MinSizeRel|Win32.ActiveCfg = MinSizeRel|Win32
		{4E299850-2720-4BFA-8A96-C5BD97444E35}.MinSizeRel|Win32.Build.0 = MinSizeRel|Win32
		{4E299850-2720-4BFA-8A96-C5BD97444E35}.RelWithDebInfo|Win32.ActiveCfg = RelWithDebInfo|Win32
		{4E299850-2720-4BFA-8A96-C5BD97444E35}.RelWithDebInfo|Win32.Build.0 = RelWithDebInfo|Win32
		{71331B65-2549-483A-B55F-6C740B15650E}.Debug|Win32.ActiveCfg = Debug|Win32
		{71331B65-2549-483A-B55F-6C740B15650E}.Debug|Win32.Build.0 = Debug|Win32
		{71331B65-2549-483A-B55F-6C740B15650E}.Release|Win32.ActiveCfg = Release|Win32
		{71331B65-2549-483A-B55F-6C740B15650E}.Release|Win32.Build.0 = Release|Win32
		{71331B65-2549-483A-B55F-6C740B15650E}.MinSizeRel|Win32.ActiveCfg = MinSizeRel|Win32
		{71331B65-2549-483A-B55F-6C740B15650E}.MinSizeRel|Win32.Build.0 = MinSizeRel|Win32
		{71331B65-2549-483A-B55F-6C740B15650E}.RelWithDebInfo|Win32.ActiveCfg = RelWithDebInfo|Win32
		{71331B65-2549-483A-B55F-6C740B15650E}.RelWithDebInfo|Win32.Build.0 = RelWithDebInfo|Win32
		{7BFF3C4C-7663-4427-9C9B-2DF0388DE429}.Debug|Win32.ActiveCfg = Debug|Win32
		{7BFF3C4C-7663-4427-9C9B-2DF0388DE429}.Debug|Win32.Build.0 = Debug|Win32
		{7BFF3C4C-7663-4427-9C9B-2DF0388DE429}.Release|Win32.ActiveCfg = Release|Win32
		{7BFF3C4C-7663-4427-9C9B-2DF0388DE429}.Release|Win32.Build.0 = Release|Win32
		{7BFF3C4C-7663-4427-9C9B-2DF0388DE429}.MinSizeRel|Win32.ActiveCfg = MinSizeRel|Win32
		{7BFF3C4C-7663-4427-9C9B-2DF0388DE429}.MinSizeRel|Win32.Build.0 = MinSizeRel|Win32
		{7BFF3C4C-7663-4427-9C9B-2DF0388DE429}.RelWithDebInfo|Win32.ActiveCfg = RelWithDebInfo|Win32
		{7BFF3C4C-7663-4427-9C9B-2DF0388DE429}.RelWithDebInfo|Win32.Build.0 = RelWithDebInfo|Win32
		{DA272CA4-333D-46AA-A9F9-814C10C84E42}.Debug|Win32.ActiveCfg = Debug|Win32
		{DA272CA4-333D-46AA-A9F9-814C10C84E42}.Debug|Win32.Build.0 = Debug|Win32
		{DA272CA4-333D-46AA-A9F9-814C10C84E42}.Release|Win32.ActiveCfg = Release|Win32
		{DA272CA4-333D-46AA-A9F9-814C10C84E42}.Release|Win32.Build.0 = Release|Win32
		{DA272CA4-333D-46AA-A9F9-814C10C84E42}.MinSizeRel|Win32.ActiveCfg = MinSizeRel|Win32
		{DA272CA4-333D-46AA-A9F9-814C10C84E42}.MinSizeRel|Win32.Build.0 = MinSizeRel|Win32
		{DA272CA4-333D-46AA-A9F9-814C10C84E42}.RelWithDebInfo|Win32.ActiveCfg = RelWithDebInfo|Win32
		{DA272CA4-333D-46AA-A9F9-814C10C84E42}.RelWithDebInfo|Win32.Build.0 = RelWithDebInfo|Win32
	EndGlobalSection
	GlobalSection(ExtensibilityGlobals) = postSolution
	EndGlobalSection
	GlobalSection(ExtensibilityAddIns) = postSolution
	EndGlobalSection
EndGlobal
