<?xml version="1.0" encoding="utf-8"?>
<Project ToolsVersion="4.0" xmlns="http://schemas.microsoft.com/developer/msbuild/2003">
  <ItemGroup>
    <Filter Include="Source Files">
      <UniqueIdentifier>{4FC737F1-C7A5-4376-A066-2A32D752A2FF}</UniqueIdentifier>
      <Extensions>cpp;c;cxx;def;odl;idl;hpj;bat;asm;asmx</Extensions>
    </Filter>
    <Filter Include="Header Files">
      <UniqueIdentifier>{93995380-89BD-4b04-88EB-625FBE52EBFB}</UniqueIdentifier>
      <Extensions>h;hpp;hxx;hm;inl;inc;xsd</Extensions>
    </Filter>
    <Filter Include="Resource Files">
      <UniqueIdentifier>{67DA6AB6-F800-4c08-8B7A-83BB121AAD01}</UniqueIdentifier>
      <Extensions>rc;ico;cur;bmp;dlg;rc2;rct;bin;rgs;gif;jpg;jpeg;jpe;resx</Extensions>
    </Filter>
  </ItemGroup>
  <ItemGroup>
    <ClCompile Include="crack.cpp">
      <Filter>Source Files</Filter>
    </ClCompile>
    <ClCompile Include="Filebuf.cpp">
      <Filter>Source Files</Filter>
    </ClCompile>
    <ClCompile Include="PromptPath.cpp">
      <Filter>Source Files</Filter>
    </ClCompile>
    <ClCompile Include="stdafx.cpp">
      <Filter>Source Files</Filter>
    </ClCompile>
    <ClCompile Include="XlsExport.cpp">
      <Filter>Source Files</Filter>
    </ClCompile>
    <ClCompile Include="XlsExportDlg.cpp">
      <Filter>Source Files</Filter>
    </ClCompile>
    <ClCompile Include="utility.cpp">
      <Filter>Source Files</Filter>
    </ClCompile>
    <ClCompile Include="Filecfg.cpp">
      <Filter>Source Files</Filter>
    </ClCompile>
    <ClCompile Include="XlsShpDef.cpp">
      <Filter>Source Files</Filter>
    </ClCompile>
    <ClCompile Include="XlsShpfile.cpp">
      <Filter>Source Files</Filter>
    </ClCompile>
    <ClCompile Include="XMessageBox.cpp">
      <Filter>Source Files</Filter>
    </ClCompile>
  </ItemGroup>
  <ItemGroup>
    <ClInclude Include="crack.h">
      <Filter>Header Files</Filter>
    </ClInclude>
    <ClInclude Include="filebuf.h">
      <Filter>Header Files</Filter>
    </ClInclude>
    <ClInclude Include="PromptPath.h">
      <Filter>Header Files</Filter>
    </ClInclude>
    <ClInclude Include="resource.h">
      <Filter>Header Files</Filter>
    </ClInclude>
    <ClInclude Include="stdafx.h">
      <Filter>Header Files</Filter>
    </ClInclude>
    <ClInclude Include="XlsExport.h">
      <Filter>Header Files</Filter>
    </ClInclude>
    <ClInclude Include="XlsExportDlg.h">
      <Filter>Header Files</Filter>
    </ClInclude>
    <ClInclude Include="utility.h">
      <Filter>Header Files</Filter>
    </ClInclude>
    <ClInclude Include="filecfg.h">
      <Filter>Header Files</Filter>
    </ClInclude>
    <ClInclude Include="XlsShpDef.h">
      <Filter>Header Files</Filter>
    </ClInclude>
    <ClInclude Include="XMessageBox.h">
      <Filter>Header Files</Filter>
    </ClInclude>
  </ItemGroup>
  <ItemGroup>
    <None Include="res\XlsExport.rc2">
      <Filter>Resource Files</Filter>
    </None>
    <None Include="ReadMe.txt" />
  </ItemGroup>
  <ItemGroup>
    <ResourceCompile Include="XlsExport.rc">
      <Filter>Resource Files</Filter>
    </ResourceCompile>
  </ItemGroup>
  <ItemGroup>
    <Manifest Include="res\XlsExport.manifest" />
  </ItemGroup>
  <ItemGroup>
    <Image Include="res\2014122607153623_easyicon_net_48.ico">
      <Filter>Resource Files</Filter>
    </Image>
    <Image Include="res\gears.ico">
      <Filter>Resource Files</Filter>
    </Image>
    <Image Include="res\20141227100734892_easyicon_net_48.bmp">
      <Filter>Resource Files</Filter>
    </Image>
    <Image Include="res\gears-48.ico">
      <Filter>Resource Files</Filter>
    </Image>
  </ItemGroup>
</Project>