<?xml version="1.0" encoding="utf-8"?>
<Project ToolsVersion="4.0" xmlns="http://schemas.microsoft.com/developer/msbuild/2003">
  <ItemGroup>
    <Filter Include="Source Files">
      <UniqueIdentifier>{48b1f48b-2357-4b26-b056-f33540ac5be2}</UniqueIdentifier>
      <Extensions>cpp;c;cxx;rc;def;r;odl;idl;hpj;bat</Extensions>
    </Filter>
    <Filter Include="Header Files">
      <UniqueIdentifier>{4a90b2d0-96a4-4e24-84d5-33be4d561754}</UniqueIdentifier>
      <Extensions>h;hpp;hxx;hm;inl</Extensions>
    </Filter>
  </ItemGroup>
  <ItemGroup>
    <ClCompile Include="xmlparse.c">
      <Filter>Source Files</Filter>
    </ClCompile>
    <ClCompile Include="xmlrole.c">
      <Filter>Source Files</Filter>
    </ClCompile>
    <ClCompile Include="xmltok.c">
      <Filter>Source Files</Filter>
    </ClCompile>
  </ItemGroup>
  <ItemGroup>
    <ClInclude Include="expat.h">
      <Filter>Header Files</Filter>
    </ClInclude>
  </ItemGroup>
</Project>