<?xml version="1.0" encoding="utf-8"?>
<Project ToolsVersion="4.0" xmlns="http://schemas.microsoft.com/developer/msbuild/2003">
  <ItemGroup>
    <Filter Include="Source Files">
      <UniqueIdentifier>{4FC737F1-C7A5-4376-A066-2A32D752A2FF}</UniqueIdentifier>
      <Extensions>cpp;c;cc;cxx;def;odl;idl;hpj;bat;asm;asmx</Extensions>
    </Filter>
    <Filter Include="Header Files">
      <UniqueIdentifier>{93995380-89BD-4b04-88EB-625FBE52EBFB}</UniqueIdentifier>
      <Extensions>h;hpp;hxx;hm;inl;inc;xsd</Extensions>
    </Filter>
    <Filter Include="Resource Files">
      <UniqueIdentifier>{67DA6AB6-F800-4c08-8B7A-83BB121AAD01}</UniqueIdentifier>
      <Extensions>rc;ico;cur;bmp;dlg;rc2;rct;bin;rgs;gif;jpg;jpeg;jpe;resx;tiff;tif;png;wav;mfcribbon-ms</Extensions>
    </Filter>
  </ItemGroup>
  <ItemGroup>
    <None Include="ReadMe.txt" />
  </ItemGroup>
  <ItemGroup>
    <ClCompile Include="nti_cache_fcns.cpp">
      <Filter>Source Files</Filter>
    </ClCompile>
    <ClCompile Include="nti_create.cpp">
      <Filter>Source Files</Filter>
    </ClCompile>
    <ClCompile Include="nti_file.cpp">
      <Filter>Source Files</Filter>
    </ClCompile>
    <ClCompile Include="nti_jp2k_d.cpp">
      <Filter>Source Files</Filter>
    </ClCompile>
    <ClCompile Include="nti_jp2k_e.cpp">
      <Filter>Source Files</Filter>
    </ClCompile>
    <ClCompile Include="nti_loco_d.cpp">
      <Filter>Source Files</Filter>
    </ClCompile>
    <ClCompile Include="nti_loco_e.cpp">
      <Filter>Source Files</Filter>
    </ClCompile>
    <ClCompile Include="nti_open.cpp">
      <Filter>Source Files</Filter>
    </ClCompile>
    <ClCompile Include="nti_zlib_d.cpp">
      <Filter>Source Files</Filter>
    </ClCompile>
    <ClCompile Include="nti_zlib_e.cpp">
      <Filter>Source Files</Filter>
    </ClCompile>
    <ClCompile Include="ntierrs.cpp">
      <Filter>Source Files</Filter>
    </ClCompile>
    <ClCompile Include="nti_webp_d.cpp">
      <Filter>Source Files</Filter>
    </ClCompile>
    <ClCompile Include="nti_webp_e.cpp">
      <Filter>Source Files</Filter>
    </ClCompile>
    <ClCompile Include="nti_lzma_d.cpp">
      <Filter>Source Files</Filter>
    </ClCompile>
    <ClCompile Include="nti_lzma_e.cpp">
      <Filter>Source Files</Filter>
    </ClCompile>
  </ItemGroup>
  <ItemGroup>
    <ClInclude Include="..\inc\liblzma.h">
      <Filter>Header Files</Filter>
    </ClInclude>
    <ClInclude Include="..\inc\a__nti.h">
      <Filter>Header Files</Filter>
    </ClInclude>
    <ClInclude Include="..\inc\nti_file.h">
      <Filter>Header Files</Filter>
    </ClInclude>
    <ClInclude Include="..\inc\ntifile.h">
      <Filter>Header Files</Filter>
    </ClInclude>
    <ClInclude Include="..\inc\GetElapsedSecs.h">
      <Filter>Header Files</Filter>
    </ClInclude>
  </ItemGroup>
</Project>