<?xml version="1.0" encoding="utf-8"?>
<Project ToolsVersion="4.0" xmlns="http://schemas.microsoft.com/developer/msbuild/2003">
  <ItemGroup>
    <Filter Include="Source Files">
      <UniqueIdentifier>{4FC737F1-C7A5-4376-A066-2A32D752A2FF}</UniqueIdentifier>
      <Extensions>cpp;c;cc;cxx;def;odl;idl;hpj;bat;asm;asmx</Extensions>
    </Filter>
    <Filter Include="Header Files">
      <UniqueIdentifier>{93995380-89BD-4b04-88EB-625FBE52EBFB}</UniqueIdentifier>
      <Extensions>h;hpp;hxx;hm;inl;inc;xsd</Extensions>
    </Filter>
    <Filter Include="Resource Files">
      <UniqueIdentifier>{67DA6AB6-F800-4c08-8B7A-83BB121AAD01}</UniqueIdentifier>
      <Extensions>rc;ico;cur;bmp;dlg;rc2;rct;bin;rgs;gif;jpg;jpeg;jpe;resx;tiff;tif;png;wav;mfcribbon-ms</Extensions>
    </Filter>
  </ItemGroup>
  <ItemGroup>
    <ClCompile Include="dec\buffer.c">
      <Filter>Source Files</Filter>
    </ClCompile>
    <ClCompile Include="dec\dec_alpha.c">
      <Filter>Source Files</Filter>
    </ClCompile>
    <ClCompile Include="dec\dec_frame.c">
      <Filter>Source Files</Filter>
    </ClCompile>
    <ClCompile Include="dec\dec_layer.c">
      <Filter>Source Files</Filter>
    </ClCompile>
    <ClCompile Include="dec\dec_quant.c">
      <Filter>Source Files</Filter>
    </ClCompile>
    <ClCompile Include="dec\dec_tree.c">
      <Filter>Source Files</Filter>
    </ClCompile>
    <ClCompile Include="dec\dec_vp8l.c">
      <Filter>Source Files</Filter>
    </ClCompile>
    <ClCompile Include="dec\idec.c">
      <Filter>Source Files</Filter>
    </ClCompile>
    <ClCompile Include="dec\io.c">
      <Filter>Source Files</Filter>
    </ClCompile>
    <ClCompile Include="dec\vp8.c">
      <Filter>Source Files</Filter>
    </ClCompile>
    <ClCompile Include="dec\webp.c">
      <Filter>Source Files</Filter>
    </ClCompile>
    <ClCompile Include="demux\demux.c">
      <Filter>Source Files</Filter>
    </ClCompile>
    <ClCompile Include="dsp\cpu.c">
      <Filter>Source Files</Filter>
    </ClCompile>
    <ClCompile Include="dsp\dec.c">
      <Filter>Source Files</Filter>
    </ClCompile>
    <ClCompile Include="dsp\dec_neon.c">
      <Filter>Source Files</Filter>
    </ClCompile>
    <ClCompile Include="dsp\dec_sse2.c">
      <Filter>Source Files</Filter>
    </ClCompile>
    <ClCompile Include="dsp\enc.c">
      <Filter>Source Files</Filter>
    </ClCompile>
    <ClCompile Include="dsp\enc_neon.c">
      <Filter>Source Files</Filter>
    </ClCompile>
    <ClCompile Include="dsp\enc_sse2.c">
      <Filter>Source Files</Filter>
    </ClCompile>
    <ClCompile Include="dsp\lossless.c">
      <Filter>Source Files</Filter>
    </ClCompile>
    <ClCompile Include="dsp\upsampling.c">
      <Filter>Source Files</Filter>
    </ClCompile>
    <ClCompile Include="dsp\upsampling_neon.c">
      <Filter>Source Files</Filter>
    </ClCompile>
    <ClCompile Include="dsp\upsampling_sse2.c">
      <Filter>Source Files</Filter>
    </ClCompile>
    <ClCompile Include="dsp\yuv.c">
      <Filter>Source Files</Filter>
    </ClCompile>
    <ClCompile Include="enc\analysis.c">
      <Filter>Source Files</Filter>
    </ClCompile>
    <ClCompile Include="enc\backward_references.c">
      <Filter>Source Files</Filter>
    </ClCompile>
    <ClCompile Include="enc\config.c">
      <Filter>Source Files</Filter>
    </ClCompile>
    <ClCompile Include="enc\cost.c">
      <Filter>Source Files</Filter>
    </ClCompile>
    <ClCompile Include="enc\enc_alpha.c">
      <Filter>Source Files</Filter>
    </ClCompile>
    <ClCompile Include="enc\enc_frame.c">
      <Filter>Source Files</Filter>
    </ClCompile>
    <ClCompile Include="enc\enc_layer.c">
      <Filter>Source Files</Filter>
    </ClCompile>
    <ClCompile Include="enc\enc_quant.c">
      <Filter>Source Files</Filter>
    </ClCompile>
    <ClCompile Include="enc\enc_tree.c">
      <Filter>Source Files</Filter>
    </ClCompile>
    <ClCompile Include="enc\enc_vp8l.c">
      <Filter>Source Files</Filter>
    </ClCompile>
    <ClCompile Include="enc\filter.c">
      <Filter>Source Files</Filter>
    </ClCompile>
    <ClCompile Include="enc\histogram.c">
      <Filter>Source Files</Filter>
    </ClCompile>
    <ClCompile Include="enc\iterator.c">
      <Filter>Source Files</Filter>
    </ClCompile>
    <ClCompile Include="enc\picture.c">
      <Filter>Source Files</Filter>
    </ClCompile>
    <ClCompile Include="enc\syntax.c">
      <Filter>Source Files</Filter>
    </ClCompile>
    <ClCompile Include="enc\token.c">
      <Filter>Source Files</Filter>
    </ClCompile>
    <ClCompile Include="enc\webpenc.c">
      <Filter>Source Files</Filter>
    </ClCompile>
    <ClCompile Include="mux\muxedit.c">
      <Filter>Source Files</Filter>
    </ClCompile>
    <ClCompile Include="mux\muxinternal.c">
      <Filter>Source Files</Filter>
    </ClCompile>
    <ClCompile Include="mux\muxread.c">
      <Filter>Source Files</Filter>
    </ClCompile>
    <ClCompile Include="utils\bit_reader.c">
      <Filter>Source Files</Filter>
    </ClCompile>
    <ClCompile Include="utils\bit_writer.c">
      <Filter>Source Files</Filter>
    </ClCompile>
    <ClCompile Include="utils\color_cache.c">
      <Filter>Source Files</Filter>
    </ClCompile>
    <ClCompile Include="utils\filters.c">
      <Filter>Source Files</Filter>
    </ClCompile>
    <ClCompile Include="utils\huffman.c">
      <Filter>Source Files</Filter>
    </ClCompile>
    <ClCompile Include="utils\huffman_encode.c">
      <Filter>Source Files</Filter>
    </ClCompile>
    <ClCompile Include="utils\quant_levels.c">
      <Filter>Source Files</Filter>
    </ClCompile>
    <ClCompile Include="utils\quant_levels_dec.c">
      <Filter>Source Files</Filter>
    </ClCompile>
    <ClCompile Include="utils\rescaler.c">
      <Filter>Source Files</Filter>
    </ClCompile>
    <ClCompile Include="utils\thread.c">
      <Filter>Source Files</Filter>
    </ClCompile>
    <ClCompile Include="utils\utils.c">
      <Filter>Source Files</Filter>
    </ClCompile>
  </ItemGroup>
  <ItemGroup>
    <ClInclude Include="dec\dec_vp8li.h">
      <Filter>Header Files</Filter>
    </ClInclude>
    <ClInclude Include="dec\decode_vp8.h">
      <Filter>Header Files</Filter>
    </ClInclude>
    <ClInclude Include="dec\vp8i.h">
      <Filter>Header Files</Filter>
    </ClInclude>
    <ClInclude Include="dec\webpi.h">
      <Filter>Header Files</Filter>
    </ClInclude>
    <ClInclude Include="dsp\dsp.h">
      <Filter>Header Files</Filter>
    </ClInclude>
    <ClInclude Include="dsp\lossless.h">
      <Filter>Header Files</Filter>
    </ClInclude>
    <ClInclude Include="dsp\yuv.h">
      <Filter>Header Files</Filter>
    </ClInclude>
    <ClInclude Include="enc\backward_references.h">
      <Filter>Header Files</Filter>
    </ClInclude>
    <ClInclude Include="enc\cost.h">
      <Filter>Header Files</Filter>
    </ClInclude>
    <ClInclude Include="enc\enc_vp8li.h">
      <Filter>Header Files</Filter>
    </ClInclude>
    <ClInclude Include="enc\histogram.h">
      <Filter>Header Files</Filter>
    </ClInclude>
    <ClInclude Include="enc\vp8enci.h">
      <Filter>Header Files</Filter>
    </ClInclude>
    <ClInclude Include="mux\muxi.h">
      <Filter>Header Files</Filter>
    </ClInclude>
    <ClInclude Include="utils\bit_reader.h">
      <Filter>Header Files</Filter>
    </ClInclude>
    <ClInclude Include="utils\bit_writer.h">
      <Filter>Header Files</Filter>
    </ClInclude>
    <ClInclude Include="utils\color_cache.h">
      <Filter>Header Files</Filter>
    </ClInclude>
    <ClInclude Include="utils\filters.h">
      <Filter>Header Files</Filter>
    </ClInclude>
    <ClInclude Include="utils\huffman.h">
      <Filter>Header Files</Filter>
    </ClInclude>
    <ClInclude Include="utils\huffman_encode.h">
      <Filter>Header Files</Filter>
    </ClInclude>
    <ClInclude Include="utils\quant_levels.h">
      <Filter>Header Files</Filter>
    </ClInclude>
    <ClInclude Include="utils\quant_levels_dec.h">
      <Filter>Header Files</Filter>
    </ClInclude>
    <ClInclude Include="utils\rescaler.h">
      <Filter>Header Files</Filter>
    </ClInclude>
    <ClInclude Include="utils\thread.h">
      <Filter>Header Files</Filter>
    </ClInclude>
    <ClInclude Include="utils\utils.h">
      <Filter>Header Files</Filter>
    </ClInclude>
    <ClInclude Include="webp\decode.h">
      <Filter>Header Files</Filter>
    </ClInclude>
    <ClInclude Include="webp\demux.h">
      <Filter>Header Files</Filter>
    </ClInclude>
    <ClInclude Include="webp\encode.h">
      <Filter>Header Files</Filter>
    </ClInclude>
    <ClInclude Include="webp\format_constants.h">
      <Filter>Header Files</Filter>
    </ClInclude>
    <ClInclude Include="webp\mux.h">
      <Filter>Header Files</Filter>
    </ClInclude>
    <ClInclude Include="webp\mux_types.h">
      <Filter>Header Files</Filter>
    </ClInclude>
    <ClInclude Include="webp\types.h">
      <Filter>Header Files</Filter>
    </ClInclude>
  </ItemGroup>
</Project>