Microsoft Visual Studio Solution File, Format Version 9.00
# Visual Studio 2005
Project("{8BC9CEB8-8B4A-11D0-8D11-00A0C91BC942}") = "NCSEcw", "NCSEcw8.vcproj", "{D573F7AE-6871-4415-85DB-044DD6B10FCB}"
	ProjectSection(ProjectDependencies) = postProject
		{12B0D801-96B9-4C32-84D1-1C732FEC1B89} = {12B0D801-96B9-4C32-84D1-1C732FEC1B89}
		{6FCE76D9-CCB2-4CF0-9717-B93ACF83D641} = {6FCE76D9-CCB2-4CF0-9717-B93ACF83D641}
	EndProjectSection
EndProject
Project("{8BC9CEB8-8B4A-11D0-8D11-00A0C91BC942}") = "NCSEcw_Static", "NCSEcw_Static\NCSEcw_Static8.vcproj", "{53437DF9-3B1F-4544-B4E7-856B71914FE1}"
	ProjectSection(ProjectDependencies) = postProject
		{DCC2CE8C-24CB-4C59-B407-799BDB1A950D} = {DCC2CE8C-24CB-4C59-B407-799BDB1A950D}
		{42A1BBB5-262C-467C-8446-3F994F5DFE40} = {42A1BBB5-262C-467C-8446-3F994F5DFE40}
	EndProjectSection
EndProject
Project("{8BC9CEB8-8B4A-11D0-8D11-00A0C91BC942}") = "NCSEcwC_Static", "..\NCSEcwC\NCSEcwC8.vcproj", "{4763CC0B-07BB-4C06-B041-FBE5E251D826}"
	ProjectSection(ProjectDependencies) = postProject
		{53437DF9-3B1F-4544-B4E7-856B71914FE1} = {53437DF9-3B1F-4544-B4E7-856B71914FE1}
	EndProjectSection
EndProject
Project("{8BC9CEB8-8B4A-11D0-8D11-00A0C91BC942}") = "NCSEcwC", "..\NCSEcwC_SDK\NCSEcwC_SDK8.vcproj", "{285F0C35-156F-4743-84C7-46AD7949F4EC}"
	ProjectSection(ProjectDependencies) = postProject
		{D573F7AE-6871-4415-85DB-044DD6B10FCB} = {D573F7AE-6871-4415-85DB-044DD6B10FCB}
	EndProjectSection
EndProject
Project("{8BC9CEB8-8B4A-11D0-8D11-00A0C91BC942}") = "NCScnet2", "..\..\NCSnet\NCScnet2\NCScnet28.vcproj", "{6FCE76D9-CCB2-4CF0-9717-B93ACF83D641}"
	ProjectSection(ProjectDependencies) = postProject
		{12B0D801-96B9-4C32-84D1-1C732FEC1B89} = {12B0D801-96B9-4C32-84D1-1C732FEC1B89}
	EndProjectSection
EndProject
Project("{8BC9CEB8-8B4A-11D0-8D11-00A0C91BC942}") = "NCScnet2_Static", "..\..\NCSnet\NCScnet2\NCScnet2_Static\NCScnet2_Static8.vcproj", "{DCC2CE8C-24CB-4C59-B407-799BDB1A950D}"
	ProjectSection(ProjectDependencies) = postProject
		{12B0D801-96B9-4C32-84D1-1C732FEC1B89} = {12B0D801-96B9-4C32-84D1-1C732FEC1B89}
	EndProjectSection
EndProject
Project("{8BC9CEB8-8B4A-11D0-8D11-00A0C91BC942}") = "NCSUtil", "..\..\NCSUtil\NCSUtil8.vcproj", "{12B0D801-96B9-4C32-84D1-1C732FEC1B89}"
EndProject
Project("{8BC9CEB8-8B4A-11D0-8D11-00A0C91BC942}") = "NCSUtil_Static", "..\..\NCSUtil\NCSUtil_Static\NCSUtil_Static8.vcproj", "{42A1BBB5-262C-467C-8446-3F994F5DFE40}"
EndProject
Global
	GlobalSection(SolutionConfigurationPlatforms) = preSolution
		Debug|Win32 = Debug|Win32
		Debug|x64 = Debug|x64
		Release|Win32 = Release|Win32
		Release|x64 = Release|x64
	EndGlobalSection
	GlobalSection(ProjectConfigurationPlatforms) = postSolution
		{D573F7AE-6871-4415-85DB-044DD6B10FCB}.Debug|Win32.ActiveCfg = Debug|Win32
		{D573F7AE-6871-4415-85DB-044DD6B10FCB}.Debug|Win32.Build.0 = Debug|Win32
		{D573F7AE-6871-4415-85DB-044DD6B10FCB}.Debug|x64.ActiveCfg = Debug|x64
		{D573F7AE-6871-4415-85DB-044DD6B10FCB}.Debug|x64.Build.0 = Debug|x64
		{D573F7AE-6871-4415-85DB-044DD6B10FCB}.Release|Win32.ActiveCfg = Release|Win32
		{D573F7AE-6871-4415-85DB-044DD6B10FCB}.Release|Win32.Build.0 = Release|Win32
		{D573F7AE-6871-4415-85DB-044DD6B10FCB}.Release|x64.ActiveCfg = Release|x64
		{D573F7AE-6871-4415-85DB-044DD6B10FCB}.Release|x64.Build.0 = Release|x64
		{53437DF9-3B1F-4544-B4E7-856B71914FE1}.Debug|Win32.ActiveCfg = Debug|Win32
		{53437DF9-3B1F-4544-B4E7-856B71914FE1}.Debug|Win32.Build.0 = Debug|Win32
		{53437DF9-3B1F-4544-B4E7-856B71914FE1}.Debug|x64.ActiveCfg = Debug|x64
		{53437DF9-3B1F-4544-B4E7-856B71914FE1}.Debug|x64.Build.0 = Debug|x64
		{53437DF9-3B1F-4544-B4E7-856B71914FE1}.Release|Win32.ActiveCfg = Release|Win32
		{53437DF9-3B1F-4544-B4E7-856B71914FE1}.Release|Win32.Build.0 = Release|Win32
		{53437DF9-3B1F-4544-B4E7-856B71914FE1}.Release|x64.ActiveCfg = Release|x64
		{53437DF9-3B1F-4544-B4E7-856B71914FE1}.Release|x64.Build.0 = Release|x64
		{4763CC0B-07BB-4C06-B041-FBE5E251D826}.Debug|Win32.ActiveCfg = Debug|Win32
		{4763CC0B-07BB-4C06-B041-FBE5E251D826}.Debug|Win32.Build.0 = Debug|Win32
		{4763CC0B-07BB-4C06-B041-FBE5E251D826}.Debug|x64.ActiveCfg = Debug|x64
		{4763CC0B-07BB-4C06-B041-FBE5E251D826}.Debug|x64.Build.0 = Debug|x64
		{4763CC0B-07BB-4C06-B041-FBE5E251D826}.Release|Win32.ActiveCfg = Release|Win32
		{4763CC0B-07BB-4C06-B041-FBE5E251D826}.Release|Win32.Build.0 = Release|Win32
		{4763CC0B-07BB-4C06-B041-FBE5E251D826}.Release|x64.ActiveCfg = Release|x64
		{4763CC0B-07BB-4C06-B041-FBE5E251D826}.Release|x64.Build.0 = Release|x64
		{285F0C35-156F-4743-84C7-46AD7949F4EC}.Debug|Win32.ActiveCfg = Debug|Win32
		{285F0C35-156F-4743-84C7-46AD7949F4EC}.Debug|Win32.Build.0 = Debug|Win32
		{285F0C35-156F-4743-84C7-46AD7949F4EC}.Debug|x64.ActiveCfg = Debug|x64
		{285F0C35-156F-4743-84C7-46AD7949F4EC}.Debug|x64.Build.0 = Debug|x64
		{285F0C35-156F-4743-84C7-46AD7949F4EC}.Release|Win32.ActiveCfg = Release|Win32
		{285F0C35-156F-4743-84C7-46AD7949F4EC}.Release|Win32.Build.0 = Release|Win32
		{285F0C35-156F-4743-84C7-46AD7949F4EC}.Release|x64.ActiveCfg = Release|x64
		{285F0C35-156F-4743-84C7-46AD7949F4EC}.Release|x64.Build.0 = Release|x64
		{6FCE76D9-CCB2-4CF0-9717-B93ACF83D641}.Debug|Win32.ActiveCfg = Debug|Win32
		{6FCE76D9-CCB2-4CF0-9717-B93ACF83D641}.Debug|Win32.Build.0 = Debug|Win32
		{6FCE76D9-CCB2-4CF0-9717-B93ACF83D641}.Debug|x64.ActiveCfg = Debug|x64
		{6FCE76D9-CCB2-4CF0-9717-B93ACF83D641}.Debug|x64.Build.0 = Debug|x64
		{6FCE76D9-CCB2-4CF0-9717-B93ACF83D641}.Release|Win32.ActiveCfg = Release|Win32
		{6FCE76D9-CCB2-4CF0-9717-B93ACF83D641}.Release|Win32.Build.0 = Release|Win32
		{6FCE76D9-CCB2-4CF0-9717-B93ACF83D641}.Release|x64.ActiveCfg = Release|x64
		{6FCE76D9-CCB2-4CF0-9717-B93ACF83D641}.Release|x64.Build.0 = Release|x64
		{DCC2CE8C-24CB-4C59-B407-799BDB1A950D}.Debug|Win32.ActiveCfg = Debug|Win32
		{DCC2CE8C-24CB-4C59-B407-799BDB1A950D}.Debug|Win32.Build.0 = Debug|Win32
		{DCC2CE8C-24CB-4C59-B407-799BDB1A950D}.Debug|x64.ActiveCfg = Debug|x64
		{DCC2CE8C-24CB-4C59-B407-799BDB1A950D}.Debug|x64.Build.0 = Debug|x64
		{DCC2CE8C-24CB-4C59-B407-799BDB1A950D}.Release|Win32.ActiveCfg = Release|Win32
		{DCC2CE8C-24CB-4C59-B407-799BDB1A950D}.Release|Win32.Build.0 = Release|Win32
		{DCC2CE8C-24CB-4C59-B407-799BDB1A950D}.Release|x64.ActiveCfg = Release|x64
		{DCC2CE8C-24CB-4C59-B407-799BDB1A950D}.Release|x64.Build.0 = Release|x64
		{12B0D801-96B9-4C32-84D1-1C732FEC1B89}.Debug|Win32.ActiveCfg = Debug|Win32
		{12B0D801-96B9-4C32-84D1-1C732FEC1B89}.Debug|Win32.Build.0 = Debug|Win32
		{12B0D801-96B9-4C32-84D1-1C732FEC1B89}.Debug|x64.ActiveCfg = Debug|x64
		{12B0D801-96B9-4C32-84D1-1C732FEC1B89}.Debug|x64.Build.0 = Debug|x64
		{12B0D801-96B9-4C32-84D1-1C732FEC1B89}.Release|Win32.ActiveCfg = Release|Win32
		{12B0D801-96B9-4C32-84D1-1C732FEC1B89}.Release|Win32.Build.0 = Release|Win32
		{12B0D801-96B9-4C32-84D1-1C732FEC1B89}.Release|x64.ActiveCfg = Release|x64
		{12B0D801-96B9-4C32-84D1-1C732FEC1B89}.Release|x64.Build.0 = Release|x64
		{42A1BBB5-262C-467C-8446-3F994F5DFE40}.Debug|Win32.ActiveCfg = Debug|Win32
		{42A1BBB5-262C-467C-8446-3F994F5DFE40}.Debug|Win32.Build.0 = Debug|Win32
		{42A1BBB5-262C-467C-8446-3F994F5DFE40}.Debug|x64.ActiveCfg = Debug|x64
		{42A1BBB5-262C-467C-8446-3F994F5DFE40}.Debug|x64.Build.0 = Debug|x64
		{42A1BBB5-262C-467C-8446-3F994F5DFE40}.Release|Win32.ActiveCfg = Release|Win32
		{42A1BBB5-262C-467C-8446-3F994F5DFE40}.Release|Win32.Build.0 = Release|Win32
		{42A1BBB5-262C-467C-8446-3F994F5DFE40}.Release|x64.ActiveCfg = Release|x64
		{42A1BBB5-262C-467C-8446-3F994F5DFE40}.Release|x64.Build.0 = Release|x64
	EndGlobalSection
	GlobalSection(SolutionProperties) = preSolution
		HideSolutionNode = FALSE
	EndGlobalSection
EndGlobal
