<?xml version="1.0" encoding="utf-8"?>
<Project ToolsVersion="4.0" xmlns="http://schemas.microsoft.com/developer/msbuild/2003">
  <ItemGroup>
    <Filter Include="Source Files">
      <UniqueIdentifier>{4FC737F1-C7A5-4376-A066-2A32D752A2FF}</UniqueIdentifier>
      <Extensions>cpp;c;cc;cxx;def;odl;idl;hpj;bat;asm;asmx</Extensions>
    </Filter>
    <Filter Include="Header Files">
      <UniqueIdentifier>{93995380-89BD-4b04-88EB-625FBE52EBFB}</UniqueIdentifier>
      <Extensions>h;hh;hpp;hxx;hm;inl;inc;xsd</Extensions>
    </Filter>
    <Filter Include="Resource Files">
      <UniqueIdentifier>{67DA6AB6-F800-4c08-8B7A-83BB121AAD01}</UniqueIdentifier>
      <Extensions>rc;ico;cur;bmp;dlg;rc2;rct;bin;rgs;gif;jpg;jpeg;jpe;resx;tiff;tif;png;wav;mfcribbon-ms</Extensions>
    </Filter>
  </ItemGroup>
  <ItemGroup>
    <ClCompile Include="3dconfig.cpp">
      <Filter>Source Files</Filter>
    </ClCompile>
    <ClCompile Include="aboutdlg.cpp">
      <Filter>Source Files</Filter>
    </ClCompile>
    <ClCompile Include="Buttonb.cpp">
      <Filter>Source Files</Filter>
    </ClCompile>
    <ClCompile Include="ColorButton.cpp">
      <Filter>Source Files</Filter>
    </ClCompile>
    <ClCompile Include="ColorPopup.cpp">
      <Filter>Source Files</Filter>
    </ClCompile>
    <ClCompile Include="Compile.cpp">
      <Filter>Source Files</Filter>
    </ClCompile>
    <ClCompile Include="compview.cpp">
      <Filter>Source Files</Filter>
    </ClCompile>
    <ClCompile Include="copyfile.cpp">
      <Filter>Source Files</Filter>
    </ClCompile>
    <ClCompile Include="datum.cpp">
      <Filter>Source Files</Filter>
    </ClCompile>
    <ClCompile Include="dialogs.cpp">
      <Filter>Source Files</Filter>
    </ClCompile>
    <ClCompile Include="DirDialog.cpp">
      <Filter>Source Files</Filter>
    </ClCompile>
    <ClCompile Include="DisCombo.cpp">
      <Filter>Source Files</Filter>
    </ClCompile>
    <ClCompile Include="dragdrop.cpp">
      <Filter>Source Files</Filter>
    </ClCompile>
    <ClCompile Include="dupdlg.cpp">
      <Filter>Source Files</Filter>
    </ClCompile>
    <ClCompile Include="editdlg.cpp">
      <Filter>Source Files</Filter>
    </ClCompile>
    <ClCompile Include="EditHistory.cpp">
      <Filter>Source Files</Filter>
    </ClCompile>
    <ClCompile Include="ExpavDlg.cpp">
      <Filter>Source Files</Filter>
    </ClCompile>
    <ClCompile Include="expsef.cpp">
      <Filter>Source Files</Filter>
    </ClCompile>
    <ClCompile Include="expsefd.cpp">
      <Filter>Source Files</Filter>
    </ClCompile>
    <ClCompile Include="expshp.cpp">
      <Filter>Source Files</Filter>
    </ClCompile>
    <ClCompile Include="ExpSvgDlg.cpp">
      <Filter>Source Files</Filter>
    </ClCompile>
    <ClCompile Include="expwrl.cpp">
      <Filter>Source Files</Filter>
    </ClCompile>
    <ClCompile Include="Filebuf.cpp">
      <Filter>Source Files</Filter>
    </ClCompile>
    <ClCompile Include="Filecfg.cpp">
      <Filter>Source Files</Filter>
    </ClCompile>
    <ClCompile Include="ftracker.cpp">
      <Filter>Source Files</Filter>
    </ClCompile>
    <ClCompile Include="GpsInDlg.cpp">
      <Filter>Source Files</Filter>
    </ClCompile>
    <ClCompile Include="GradDlg.cpp">
      <Filter>Source Files</Filter>
    </ClCompile>
    <ClCompile Include="Gradient.cpp">
      <Filter>Source Files</Filter>
    </ClCompile>
    <ClCompile Include="GradientCtrl.cpp">
      <Filter>Source Files</Filter>
    </ClCompile>
    <ClCompile Include="GradientCtrlImpl.cpp">
      <Filter>Source Files</Filter>
    </ClCompile>
    <ClCompile Include="Graphics.cpp">
      <Filter>Source Files</Filter>
    </ClCompile>
    <ClCompile Include="Griddlg.cpp">
      <Filter>Source Files</Filter>
    </ClCompile>
    <ClCompile Include="hierlb.cpp">
      <Filter>Source Files</Filter>
    </ClCompile>
    <ClCompile Include="htbutton.cpp">
      <Filter>Source Files</Filter>
    </ClCompile>
    <ClCompile Include="hull2d.cpp">
      <Filter>Source Files</Filter>
    </ClCompile>
    <ClCompile Include="ItemProp.cpp">
      <Filter>Source Files</Filter>
    </ClCompile>
    <ClCompile Include="latlong.cpp">
      <Filter>Source Files</Filter>
    </ClCompile>
    <ClCompile Include="launchfd.cpp">
      <Filter>Source Files</Filter>
    </ClCompile>
    <ClCompile Include="Linedoc.cpp">
      <Filter>Source Files</Filter>
    </ClCompile>
    <ClCompile Include="lineview.cpp">
      <Filter>Source Files</Filter>
    </ClCompile>
    <ClCompile Include="LinkEdit.cpp">
      <Filter>Source Files</Filter>
    </ClCompile>
    <ClCompile Include="ListDlg.cpp">
      <Filter>Source Files</Filter>
    </ClCompile>
    <ClCompile Include="LrudDlg.cpp">
      <Filter>Source Files</Filter>
    </ClCompile>
    <ClCompile Include="lrudshp.cpp">
      <Filter>Source Files</Filter>
    </ClCompile>
    <ClCompile Include="lstboxex.cpp">
      <Filter>Source Files</Filter>
    </ClCompile>
    <ClCompile Include="MagDlg.cpp">
      <Filter>Source Files</Filter>
    </ClCompile>
    <ClCompile Include="Mainfrm.cpp">
      <Filter>Source Files</Filter>
    </ClCompile>
    <ClCompile Include="Mapdlg.cpp">
      <Filter>Source Files</Filter>
    </ClCompile>
    <ClCompile Include="MapExp.cpp">
      <Filter>Source Files</Filter>
    </ClCompile>
    <ClCompile Include="Mapframe.cpp">
      <Filter>Source Files</Filter>
    </ClCompile>
    <ClCompile Include="Mapview.cpp">
      <Filter>Source Files</Filter>
    </ClCompile>
    <ClCompile Include="MarkerDlg.cpp">
      <Filter>Source Files</Filter>
    </ClCompile>
    <ClCompile Include="netfind.cpp">
      <Filter>Source Files</Filter>
    </ClCompile>
    <ClCompile Include="ntfile.cpp">
      <Filter>Source Files</Filter>
    </ClCompile>
    <ClCompile Include="PageOffDlg.cpp">
      <Filter>Source Files</Filter>
    </ClCompile>
    <ClCompile Include="PageView.cpp">
      <Filter>Source Files</Filter>
    </ClCompile>
    <ClCompile Include="panelvw.cpp">
      <Filter>Source Files</Filter>
    </ClCompile>
    <ClCompile Include="Picture.cpp">
      <Filter>Source Files</Filter>
    </ClCompile>
    <ClCompile Include="plotlrud.cpp">
      <Filter>Source Files</Filter>
    </ClCompile>
    <ClCompile Include="plotsvg.cpp">
      <Filter>Source Files</Filter>
    </ClCompile>
    <ClCompile Include="Plotview.cpp">
      <Filter>Source Files</Filter>
    </ClCompile>
    <ClCompile Include="pltfind.cpp">
      <Filter>Source Files</Filter>
    </ClCompile>
    <ClCompile Include="Prjdoc.cpp">
      <Filter>Source Files</Filter>
    </ClCompile>
    <ClCompile Include="prjfind.cpp">
      <Filter>Source Files</Filter>
    </ClCompile>
    <ClCompile Include="prjfont.cpp">
      <Filter>Source Files</Filter>
    </ClCompile>
    <ClCompile Include="prjframe.cpp">
      <Filter>Source Files</Filter>
    </ClCompile>
    <ClCompile Include="prjhier.cpp">
      <Filter>Source Files</Filter>
    </ClCompile>
    <ClCompile Include="prjview.cpp">
      <Filter>Source Files</Filter>
    </ClCompile>
    <ClCompile Include="ResizeFrmDlg.cpp">
      <Filter>Source Files</Filter>
    </ClCompile>
    <ClCompile Include="RessourceButton.cpp">
      <Filter>Source Files</Filter>
    </ClCompile>
    <ClCompile Include="revframe.cpp">
      <Filter>Source Files</Filter>
    </ClCompile>
    <ClCompile Include="Review.cpp">
      <Filter>Source Files</Filter>
    </ClCompile>
    <ClCompile Include="ROCombo.cpp">
      <Filter>Source Files</Filter>
    </ClCompile>
    <ClCompile Include="seghier.cpp">
      <Filter>Source Files</Filter>
    </ClCompile>
    <ClCompile Include="seglist.cpp">
      <Filter>Source Files</Filter>
    </ClCompile>
    <ClCompile Include="segview.cpp">
      <Filter>Source Files</Filter>
    </ClCompile>
    <ClCompile Include="statdlg.cpp">
      <Filter>Source Files</Filter>
    </ClCompile>
    <ClCompile Include="StatLink.cpp">
      <Filter>Source Files</Filter>
    </ClCompile>
    <ClCompile Include="stdafx.cpp">
      <Filter>Source Files</Filter>
    </ClCompile>
    <ClCompile Include="SvgAdv.cpp">
      <Filter>Source Files</Filter>
    </ClCompile>
    <ClCompile Include="SvgProc.cpp">
      <Filter>Source Files</Filter>
    </ClCompile>
    <ClCompile Include="tabarray.cpp">
      <Filter>Source Files</Filter>
    </ClCompile>
    <ClCompile Include="TabCombo.cpp">
      <Filter>Source Files</Filter>
    </ClCompile>
    <ClCompile Include="TabEdit.cpp">
      <Filter>Source Files</Filter>
    </ClCompile>
    <ClCompile Include="tabview.cpp">
      <Filter>Source Files</Filter>
    </ClCompile>
    <ClCompile Include="TipDlg.cpp">
      <Filter>Source Files</Filter>
    </ClCompile>
    <ClCompile Include="tm.cpp">
      <Filter>Source Files</Filter>
    </ClCompile>
    <ClCompile Include="Traview.cpp">
      <Filter>Source Files</Filter>
    </ClCompile>
    <ClCompile Include="txtfrm.cpp">
      <Filter>Source Files</Filter>
    </ClCompile>
    <ClCompile Include="ups.cpp">
      <Filter>Source Files</Filter>
    </ClCompile>
    <ClCompile Include="Utility.cpp">
      <Filter>Source Files</Filter>
    </ClCompile>
    <ClCompile Include="utm.cpp">
      <Filter>Source Files</Filter>
    </ClCompile>
    <ClCompile Include="vecdlg.cpp">
      <Filter>Source Files</Filter>
    </ClCompile>
    <ClCompile Include="VecInfo.cpp">
      <Filter>Source Files</Filter>
    </ClCompile>
    <ClCompile Include="Viewdlg.cpp">
      <Filter>Source Files</Filter>
    </ClCompile>
    <ClCompile Include="vnode.cpp">
      <Filter>Source Files</Filter>
    </ClCompile>
    <ClCompile Include="wall-srv.cpp">
      <Filter>Source Files</Filter>
    </ClCompile>
    <ClCompile Include="wall-wrl.cpp">
      <Filter>Source Files</Filter>
    </ClCompile>
    <ClCompile Include="wallmag.cpp">
      <Filter>Source Files</Filter>
    </ClCompile>
    <ClCompile Include="Walls.cpp">
      <Filter>Source Files</Filter>
    </ClCompile>
    <ClCompile Include="wallzip.cpp">
      <Filter>Source Files</Filter>
    </ClCompile>
    <ClCompile Include="Wedview.cpp">
      <Filter>Source Files</Filter>
    </ClCompile>
    <ClCompile Include="zip.cpp">
      <Filter>Source Files</Filter>
    </ClCompile>
    <ClCompile Include="ZipDlg.cpp">
      <Filter>Source Files</Filter>
    </ClCompile>
    <ClCompile Include="ImpSefDlg.cpp">
      <Filter>Source Files</Filter>
    </ClCompile>
    <ClCompile Include="ImpCssDlg.cpp">
      <Filter>Source Files</Filter>
    </ClCompile>
    <ClCompile Include="ScaleWnd.cpp">
      <Filter>Source Files</Filter>
    </ClCompile>
  </ItemGroup>
  <ItemGroup>
    <ClInclude Include="3dconfig.h">
      <Filter>Header Files</Filter>
    </ClInclude>
    <ClInclude Include="aboutdlg.h">
      <Filter>Header Files</Filter>
    </ClInclude>
    <ClInclude Include="Buttonb.h">
      <Filter>Header Files</Filter>
    </ClInclude>
    <ClInclude Include="ColorButton.h">
      <Filter>Header Files</Filter>
    </ClInclude>
    <ClInclude Include="ColorPopup.h">
      <Filter>Header Files</Filter>
    </ClInclude>
    <ClInclude Include="Compile.h">
      <Filter>Header Files</Filter>
    </ClInclude>
    <ClInclude Include="compview.h">
      <Filter>Header Files</Filter>
    </ClInclude>
    <ClInclude Include="copyfile.h">
      <Filter>Header Files</Filter>
    </ClInclude>
    <ClInclude Include="dialogs.h">
      <Filter>Header Files</Filter>
    </ClInclude>
    <ClInclude Include="DirDialog.h">
      <Filter>Header Files</Filter>
    </ClInclude>
    <ClInclude Include="DisCombo.h">
      <Filter>Header Files</Filter>
    </ClInclude>
    <ClInclude Include="dragdrop.h">
      <Filter>Header Files</Filter>
    </ClInclude>
    <ClInclude Include="dupdlg.h">
      <Filter>Header Files</Filter>
    </ClInclude>
    <ClInclude Include="editdlg.h">
      <Filter>Header Files</Filter>
    </ClInclude>
    <ClInclude Include="EditHistory.h">
      <Filter>Header Files</Filter>
    </ClInclude>
    <ClInclude Include="ExpavDlg.h">
      <Filter>Header Files</Filter>
    </ClInclude>
    <ClInclude Include="expsef.h">
      <Filter>Header Files</Filter>
    </ClInclude>
    <ClInclude Include="expsefd.h">
      <Filter>Header Files</Filter>
    </ClInclude>
    <ClInclude Include="ExpSvgDlg.h">
      <Filter>Header Files</Filter>
    </ClInclude>
    <ClInclude Include="filebuf.h">
      <Filter>Header Files</Filter>
    </ClInclude>
    <ClInclude Include="filecfg.h">
      <Filter>Header Files</Filter>
    </ClInclude>
    <ClInclude Include="ftracker.h">
      <Filter>Header Files</Filter>
    </ClInclude>
    <ClInclude Include="GpsInDlg.h">
      <Filter>Header Files</Filter>
    </ClInclude>
    <ClInclude Include="GradDlg.h">
      <Filter>Header Files</Filter>
    </ClInclude>
    <ClInclude Include="Gradient.h">
      <Filter>Header Files</Filter>
    </ClInclude>
    <ClInclude Include="gradientctrl.h">
      <Filter>Header Files</Filter>
    </ClInclude>
    <ClInclude Include="GradientCtrlImpl.h">
      <Filter>Header Files</Filter>
    </ClInclude>
    <ClInclude Include="griddlg.h">
      <Filter>Header Files</Filter>
    </ClInclude>
    <ClInclude Include="hierlb.h">
      <Filter>Header Files</Filter>
    </ClInclude>
    <ClInclude Include="htbutton.h">
      <Filter>Header Files</Filter>
    </ClInclude>
    <ClInclude Include="ItemProp.h">
      <Filter>Header Files</Filter>
    </ClInclude>
    <ClInclude Include="Launchfd.h">
      <Filter>Header Files</Filter>
    </ClInclude>
    <ClInclude Include="linedoc.h">
      <Filter>Header Files</Filter>
    </ClInclude>
    <ClInclude Include="lineview.h">
      <Filter>Header Files</Filter>
    </ClInclude>
    <ClInclude Include="LinkEdit.h">
      <Filter>Header Files</Filter>
    </ClInclude>
    <ClInclude Include="ListDlg.h">
      <Filter>Header Files</Filter>
    </ClInclude>
    <ClInclude Include="LrudDlg.h">
      <Filter>Header Files</Filter>
    </ClInclude>
    <ClInclude Include="lstboxex.h">
      <Filter>Header Files</Filter>
    </ClInclude>
    <ClInclude Include="MagDlg.h">
      <Filter>Header Files</Filter>
    </ClInclude>
    <ClInclude Include="Mainfrm.h">
      <Filter>Header Files</Filter>
    </ClInclude>
    <ClInclude Include="mapdlg.h">
      <Filter>Header Files</Filter>
    </ClInclude>
    <ClInclude Include="MapExp.h">
      <Filter>Header Files</Filter>
    </ClInclude>
    <ClInclude Include="mapframe.h">
      <Filter>Header Files</Filter>
    </ClInclude>
    <ClInclude Include="Mapview.h">
      <Filter>Header Files</Filter>
    </ClInclude>
    <ClInclude Include="MarkerDlg.h">
      <Filter>Header Files</Filter>
    </ClInclude>
    <ClInclude Include="netfind.h">
      <Filter>Header Files</Filter>
    </ClInclude>
    <ClInclude Include="ntfile.h">
      <Filter>Header Files</Filter>
    </ClInclude>
    <ClInclude Include="PageOffDlg.h">
      <Filter>Header Files</Filter>
    </ClInclude>
    <ClInclude Include="PageView.h">
      <Filter>Header Files</Filter>
    </ClInclude>
    <ClInclude Include="panelvw.h">
      <Filter>Header Files</Filter>
    </ClInclude>
    <ClInclude Include="Picture.h">
      <Filter>Header Files</Filter>
    </ClInclude>
    <ClInclude Include="Plotview.h">
      <Filter>Header Files</Filter>
    </ClInclude>
    <ClInclude Include="pltfind.h">
      <Filter>Header Files</Filter>
    </ClInclude>
    <ClInclude Include="Prjdoc.h">
      <Filter>Header Files</Filter>
    </ClInclude>
    <ClInclude Include="prjfind.h">
      <Filter>Header Files</Filter>
    </ClInclude>
    <ClInclude Include="prjfont.h">
      <Filter>Header Files</Filter>
    </ClInclude>
    <ClInclude Include="prjframe.h">
      <Filter>Header Files</Filter>
    </ClInclude>
    <ClInclude Include="prjhier.h">
      <Filter>Header Files</Filter>
    </ClInclude>
    <ClInclude Include="prjview.h">
      <Filter>Header Files</Filter>
    </ClInclude>
    <ClInclude Include="ResizeFrmDlg.h">
      <Filter>Header Files</Filter>
    </ClInclude>
    <ClInclude Include="resource.h">
      <Filter>Header Files</Filter>
    </ClInclude>
    <ClInclude Include="ResourceButton.h">
      <Filter>Header Files</Filter>
    </ClInclude>
    <ClInclude Include="revframe.h">
      <Filter>Header Files</Filter>
    </ClInclude>
    <ClInclude Include="review.h">
      <Filter>Header Files</Filter>
    </ClInclude>
    <ClInclude Include="ROCombo.h">
      <Filter>Header Files</Filter>
    </ClInclude>
    <ClInclude Include="seghier.h">
      <Filter>Header Files</Filter>
    </ClInclude>
    <ClInclude Include="segview.h">
      <Filter>Header Files</Filter>
    </ClInclude>
    <ClInclude Include="statdlg.h">
      <Filter>Header Files</Filter>
    </ClInclude>
    <ClInclude Include="StatLink.h">
      <Filter>Header Files</Filter>
    </ClInclude>
    <ClInclude Include="stdafx.h">
      <Filter>Header Files</Filter>
    </ClInclude>
    <ClInclude Include="SvgAdv.h">
      <Filter>Header Files</Filter>
    </ClInclude>
    <ClInclude Include="SvgProc.h">
      <Filter>Header Files</Filter>
    </ClInclude>
    <ClInclude Include="tabarray.h">
      <Filter>Header Files</Filter>
    </ClInclude>
    <ClInclude Include="TabCombo.h">
      <Filter>Header Files</Filter>
    </ClInclude>
    <ClInclude Include="TabEdit.h">
      <Filter>Header Files</Filter>
    </ClInclude>
    <ClInclude Include="tabview.h">
      <Filter>Header Files</Filter>
    </ClInclude>
    <ClInclude Include="TipDlg.h">
      <Filter>Header Files</Filter>
    </ClInclude>
    <ClInclude Include="traview.h">
      <Filter>Header Files</Filter>
    </ClInclude>
    <ClInclude Include="txtfrm.h">
      <Filter>Header Files</Filter>
    </ClInclude>
    <ClInclude Include="utility.h">
      <Filter>Header Files</Filter>
    </ClInclude>
    <ClInclude Include="vecdlg.h">
      <Filter>Header Files</Filter>
    </ClInclude>
    <ClInclude Include="VecInfo.h">
      <Filter>Header Files</Filter>
    </ClInclude>
    <ClInclude Include="viewdlg.h">
      <Filter>Header Files</Filter>
    </ClInclude>
    <ClInclude Include="vnode.h">
      <Filter>Header Files</Filter>
    </ClInclude>
    <ClInclude Include="wallmag.h">
      <Filter>Header Files</Filter>
    </ClInclude>
    <ClInclude Include="Walls.h">
      <Filter>Header Files</Filter>
    </ClInclude>
    <ClInclude Include="wedview.h">
      <Filter>Header Files</Filter>
    </ClInclude>
    <ClInclude Include="zip.h">
      <Filter>Header Files</Filter>
    </ClInclude>
    <ClInclude Include="ZipDlg.h">
      <Filter>Header Files</Filter>
    </ClInclude>
    <ClInclude Include="ImpSefDlg.h">
      <Filter>Header Files</Filter>
    </ClInclude>
    <ClInclude Include="ImpCssDlg.h">
      <Filter>Header Files</Filter>
    </ClInclude>
    <ClInclude Include="ScaleWnd.h">
      <Filter>Header Files</Filter>
    </ClInclude>
    <ClInclude Include="wall-srv.h">
      <Filter>Header Files</Filter>
    </ClInclude>
    <ClInclude Include="wall_srv.h">
      <Filter>Header Files</Filter>
    </ClInclude>
  </ItemGroup>
  <ItemGroup>
    <ResourceCompile Include="Walls.rc">
      <Filter>Resource Files</Filter>
    </ResourceCompile>
  </ItemGroup>
  <ItemGroup>
    <Image Include="res\bg.jpg">
      <Filter>Resource Files</Filter>
    </Image>
    <Image Include="res\comptyp.ico">
      <Filter>Resource Files</Filter>
    </Image>
    <Image Include="res\hand.ico">
      <Filter>Resource Files</Filter>
    </Image>
    <Image Include="res\icon1.ico">
      <Filter>Resource Files</Filter>
    </Image>
    <Image Include="res\idr_srvt.ico">
      <Filter>Resource Files</Filter>
    </Image>
    <Image Include="res\litebulb.bmp">
      <Filter>Resource Files</Filter>
    </Image>
    <Image Include="res\magdlg.bmp">
      <Filter>Resource Files</Filter>
    </Image>
    <Image Include="res\magdlg.ico">
      <Filter>Resource Files</Filter>
    </Image>
    <Image Include="res\maptype.ico">
      <Filter>Resource Files</Filter>
    </Image>
    <Image Include="res\marble.bmp">
      <Filter>Resource Files</Filter>
    </Image>
    <Image Include="res\marble.jpg">
      <Filter>Resource Files</Filter>
    </Image>
    <Image Include="res\prjtype.ico">
      <Filter>Resource Files</Filter>
    </Image>
    <Image Include="res\rotate.bmp">
      <Filter>Resource Files</Filter>
    </Image>
    <Image Include="res\toolbar.bmp">
      <Filter>Resource Files</Filter>
    </Image>
    <Image Include="res\UTM_UPS_Buttons.bmp">
      <Filter>Resource Files</Filter>
    </Image>
    <Image Include="res\walls.ico">
      <Filter>Resource Files</Filter>
    </Image>
    <Image Include="res\hiericon.bmp">
      <Filter>Resource Files</Filter>
    </Image>
    <Image Include="res\toolbar1.bmp">
      <Filter>Resource Files</Filter>
    </Image>
    <Image Include="res\bmp00001.bmp">
      <Filter>Resource Files</Filter>
    </Image>
    <Image Include="res\scalebar.bmp">
      <Filter>Resource Files</Filter>
    </Image>
  </ItemGroup>
  <ItemGroup>
    <None Include="res\copy.cur">
      <Filter>Resource Files</Filter>
    </None>
    <None Include="res\copy_mul.cur">
      <Filter>Resource Files</Filter>
    </None>
    <None Include="res\copy_sin.cur">
      <Filter>Resource Files</Filter>
    </None>
    <None Include="res\cursor1.cur">
      <Filter>Resource Files</Filter>
    </None>
    <None Include="res\cursor2.cur">
      <Filter>Resource Files</Filter>
    </None>
    <None Include="res\hand.cur">
      <Filter>Resource Files</Filter>
    </None>
    <None Include="res\identify.cur">
      <Filter>Resource Files</Filter>
    </None>
    <None Include="res\Link.cur">
      <Filter>Resource Files</Filter>
    </None>
    <None Include="res\measure.cur">
      <Filter>Resource Files</Filter>
    </None>
    <None Include="res\move.cur">
      <Filter>Resource Files</Filter>
    </None>
    <None Include="res\move_mul.cur">
      <Filter>Resource Files</Filter>
    </None>
    <None Include="res\move_sin.cur">
      <Filter>Resource Files</Filter>
    </None>
    <None Include="res\nodrop.cur">
      <Filter>Resource Files</Filter>
    </None>
    <None Include="res\walls.rc2">
      <Filter>Resource Files</Filter>
    </None>
    <None Include="res\igrf.bin">
      <Filter>Resource Files</Filter>
    </None>
  </ItemGroup>
</Project>